// !$*UTF8*$!
{
	archiveVersion = 1;
	classes = {
	};
	objectVersion = 55;
	objects = {

/* Begin PBXBuildFile section */
		97030BFD2844BF1F0085EE8F /* AppDelegate.swift in Sources */ = {isa = PBXBuildFile; fileRef = 97030BFC2844BF1F0085EE8F /* AppDelegate.swift */; };
		97030BFF2844BF1F0085EE8F /* SceneDelegate.swift in Sources */ = {isa = PBXBuildFile; fileRef = 97030BFE2844BF1F0085EE8F /* SceneDelegate.swift */; };
		97030C072844BF1F0085EE8F /* WeatherstackApp.xcdatamodeld in Sources */ = {isa = PBXBuildFile; fileRef = 97030C052844BF1F0085EE8F /* WeatherstackApp.xcdatamodeld */; };
		97030C092844BF200085EE8F /* Assets.xcassets in Resources */ = {isa = PBXBuildFile; fileRef = 97030C082844BF200085EE8F /* Assets.xcassets */; };
		97030C0C2844BF200085EE8F /* LaunchScreen.storyboard in Resources */ = {isa = PBXBuildFile; fileRef = 97030C0A2844BF200085EE8F /* LaunchScreen.storyboard */; };
		97030C172844BF200085EE8F /* WeatherstackAppTests.swift in Sources */ = {isa = PBXBuildFile; fileRef = 97030C162844BF200085EE8F /* WeatherstackAppTests.swift */; };
		97030C212844BF200085EE8F /* WeatherstackAppUITests.swift in Sources */ = {isa = PBXBuildFile; fileRef = 97030C202844BF200085EE8F /* WeatherstackAppUITests.swift */; };
		97030C232844BF200085EE8F /* WeatherstackAppUITestsLaunchTests.swift in Sources */ = {isa = PBXBuildFile; fileRef = 97030C222844BF200085EE8F /* WeatherstackAppUITestsLaunchTests.swift */; };
		97030C322844C06B0085EE8F /* APIKeys.swift in Sources */ = {isa = PBXBuildFile; fileRef = 97030C312844C06B0085EE8F /* APIKeys.swift */; };
		97030C3D2844C9B00085EE8F /* CoordinatorProtocol.swift in Sources */ = {isa = PBXBuildFile; fileRef = 97030C3C2844C9B00085EE8F /* CoordinatorProtocol.swift */; };
		97030C412844CA8F0085EE8F /* AppCoordinatorProtocol.swift in Sources */ = {isa = PBXBuildFile; fileRef = 97030C402844CA8F0085EE8F /* AppCoordinatorProtocol.swift */; };
		97030C432844CB450085EE8F /* AppCoordinator.swift in Sources */ = {isa = PBXBuildFile; fileRef = 97030C422844CB450085EE8F /* AppCoordinator.swift */; };
		97030C452844CC1C0085EE8F /* HomeViewController.swift in Sources */ = {isa = PBXBuildFile; fileRef = 97030C442844CC1C0085EE8F /* HomeViewController.swift */; };
		97030C4A2844F4670085EE8F /* CornerRadius.swift in Sources */ = {isa = PBXBuildFile; fileRef = 97030C492844F4670085EE8F /* CornerRadius.swift */; };
		97030C4C2844F7A60085EE8F /* AddDoneButtonToKeyboard.swift in Sources */ = {isa = PBXBuildFile; fileRef = 97030C4B2844F7A50085EE8F /* AddDoneButtonToKeyboard.swift */; };
		97030C4F2844F99A0085EE8F /* WeatherViewController.swift in Sources */ = {isa = PBXBuildFile; fileRef = 97030C4E2844F99A0085EE8F /* WeatherViewController.swift */; };
		97030C512844FA1B0085EE8F /* HomeViewModel.swift in Sources */ = {isa = PBXBuildFile; fileRef = 97030C502844FA1B0085EE8F /* HomeViewModel.swift */; };
		97030C532844FA2B0085EE8F /* WeatherViewModel.swift in Sources */ = {isa = PBXBuildFile; fileRef = 97030C522844FA2B0085EE8F /* WeatherViewModel.swift */; };
/* End PBXBuildFile section */

/* Begin PBXContainerItemProxy section */
		97030C132844BF200085EE8F /* PBXContainerItemProxy */ = {
			isa = PBXContainerItemProxy;
			containerPortal = 97030BF12844BF1F0085EE8F /* Project object */;
			proxyType = 1;
			remoteGlobalIDString = 97030BF82844BF1F0085EE8F;
			remoteInfo = WeatherstackApp;
		};
		97030C1D2844BF200085EE8F /* PBXContainerItemProxy */ = {
			isa = PBXContainerItemProxy;
			containerPortal = 97030BF12844BF1F0085EE8F /* Project object */;
			proxyType = 1;
			remoteGlobalIDString = 97030BF82844BF1F0085EE8F;
			remoteInfo = WeatherstackApp;
		};
/* End PBXContainerItemProxy section */

/* Begin PBXFileReference section */
		97030BF92844BF1F0085EE8F /* WeatherstackApp.app */ = {isa = PBXFileReference; explicitFileType = wrapper.application; includeInIndex = 0; path = WeatherstackApp.app; sourceTree = BUILT_PRODUCTS_DIR; };
		97030BFC2844BF1F0085EE8F /* AppDelegate.swift */ = {isa = PBXFileReference; lastKnownFileType = sourcecode.swift; path = AppDelegate.swift; sourceTree = "<group>"; };
		97030BFE2844BF1F0085EE8F /* SceneDelegate.swift */ = {isa = PBXFileReference; lastKnownFileType = sourcecode.swift; path = SceneDelegate.swift; sourceTree = "<group>"; };
		97030C062844BF1F0085EE8F /* WeatherstackApp.xcdatamodel */ = {isa = PBXFileReference; lastKnownFileType = wrapper.xcdatamodel; path = WeatherstackApp.xcdatamodel; sourceTree = "<group>"; };
		97030C082844BF200085EE8F /* Assets.xcassets */ = {isa = PBXFileReference; lastKnownFileType = folder.assetcatalog; path = Assets.xcassets; sourceTree = "<group>"; };
		97030C0B2844BF200085EE8F /* Base */ = {isa = PBXFileReference; lastKnownFileType = file.storyboard; name = Base; path = Base.lproj/LaunchScreen.storyboard; sourceTree = "<group>"; };
		97030C0D2844BF200085EE8F /* Info.plist */ = {isa = PBXFileReference; lastKnownFileType = text.plist.xml; path = Info.plist; sourceTree = "<group>"; };
		97030C122844BF200085EE8F /* WeatherstackAppTests.xctest */ = {isa = PBXFileReference; explicitFileType = wrapper.cfbundle; includeInIndex = 0; path = WeatherstackAppTests.xctest; sourceTree = BUILT_PRODUCTS_DIR; };
		97030C162844BF200085EE8F /* WeatherstackAppTests.swift */ = {isa = PBXFileReference; lastKnownFileType = sourcecode.swift; path = WeatherstackAppTests.swift; sourceTree = "<group>"; };
		97030C1C2844BF200085EE8F /* WeatherstackAppUITests.xctest */ = {isa = PBXFileReference; explicitFileType = wrapper.cfbundle; includeInIndex = 0; path = WeatherstackAppUITests.xctest; sourceTree = BUILT_PRODUCTS_DIR; };
		97030C202844BF200085EE8F /* WeatherstackAppUITests.swift */ = {isa = PBXFileReference; lastKnownFileType = sourcecode.swift; path = WeatherstackAppUITests.swift; sourceTree = "<group>"; };
		97030C222844BF200085EE8F /* WeatherstackAppUITestsLaunchTests.swift */ = {isa = PBXFileReference; lastKnownFileType = sourcecode.swift; path = WeatherstackAppUITestsLaunchTests.swift; sourceTree = "<group>"; };
		97030C312844C06B0085EE8F /* APIKeys.swift */ = {isa = PBXFileReference; lastKnownFileType = sourcecode.swift; path = APIKeys.swift; sourceTree = "<group>"; };
		97030C3C2844C9B00085EE8F /* CoordinatorProtocol.swift */ = {isa = PBXFileReference; lastKnownFileType = sourcecode.swift; path = CoordinatorProtocol.swift; sourceTree = "<group>"; };
		97030C402844CA8F0085EE8F /* AppCoordinatorProtocol.swift */ = {isa = PBXFileReference; lastKnownFileType = sourcecode.swift; path = AppCoordinatorProtocol.swift; sourceTree = "<group>"; };
		97030C422844CB450085EE8F /* AppCoordinator.swift */ = {isa = PBXFileReference; lastKnownFileType = sourcecode.swift; path = AppCoordinator.swift; sourceTree = "<group>"; };
		97030C442844CC1C0085EE8F /* HomeViewController.swift */ = {isa = PBXFileReference; lastKnownFileType = sourcecode.swift; path = HomeViewController.swift; sourceTree = "<group>"; };
		97030C492844F4670085EE8F /* CornerRadius.swift */ = {isa = PBXFileReference; fileEncoding = 4; lastKnownFileType = sourcecode.swift; path = CornerRadius.swift; sourceTree = "<group>"; };
		97030C4B2844F7A50085EE8F /* AddDoneButtonToKeyboard.swift */ = {isa = PBXFileReference; fileEncoding = 4; lastKnownFileType = sourcecode.swift; path = AddDoneButtonToKeyboard.swift; sourceTree = "<group>"; };
		97030C4E2844F99A0085EE8F /* WeatherViewController.swift */ = {isa = PBXFileReference; lastKnownFileType = sourcecode.swift; path = WeatherViewController.swift; sourceTree = "<group>"; };
		97030C502844FA1B0085EE8F /* HomeViewModel.swift */ = {isa = PBXFileReference; lastKnownFileType = sourcecode.swift; path = HomeViewModel.swift; sourceTree = "<group>"; };
		97030C522844FA2B0085EE8F /* WeatherViewModel.swift */ = {isa = PBXFileReference; lastKnownFileType = sourcecode.swift; path = WeatherViewModel.swift; sourceTree = "<group>"; };
/* End PBXFileReference section */

/* Begin PBXFrameworksBuildPhase section */
		97030BF62844BF1F0085EE8F /* Frameworks */ = {
			isa = PBXFrameworksBuildPhase;
			buildActionMask = 2147483647;
			files = (
			);
			runOnlyForDeploymentPostprocessing = 0;
		};
		97030C0F2844BF200085EE8F /* Frameworks */ = {
			isa = PBXFrameworksBuildPhase;
			buildActionMask = 2147483647;
			files = (
			);
			runOnlyForDeploymentPostprocessing = 0;
		};
		97030C192844BF200085EE8F /* Frameworks */ = {
			isa = PBXFrameworksBuildPhase;
			buildActionMask = 2147483647;
			files = (
			);
			runOnlyForDeploymentPostprocessing = 0;
		};
/* End PBXFrameworksBuildPhase section */

/* Begin PBXGroup section */
		97030BF02844BF1F0085EE8F = {
			isa = PBXGroup;
			children = (
				97030BFB2844BF1F0085EE8F /* WeatherstackApp */,
				97030C152844BF200085EE8F /* WeatherstackAppTests */,
				97030C1F2844BF200085EE8F /* WeatherstackAppUITests */,
				97030BFA2844BF1F0085EE8F /* Products */,
			);
			sourceTree = "<group>";
		};
		97030BFA2844BF1F0085EE8F /* Products */ = {
			isa = PBXGroup;
			children = (
				97030BF92844BF1F0085EE8F /* WeatherstackApp.app */,
				97030C122844BF200085EE8F /* WeatherstackAppTests.xctest */,
				97030C1C2844BF200085EE8F /* WeatherstackAppUITests.xctest */,
			);
			name = Products;
			sourceTree = "<group>";
		};
		97030BFB2844BF1F0085EE8F /* WeatherstackApp */ = {
			isa = PBXGroup;
			children = (
				97030C332844C5BE0085EE8F /* Application */,
				97030C342844C5D10085EE8F /* Flows */,
				97030C352844C5E90085EE8F /* Service */,
				97030C362844C5ED0085EE8F /* Styles */,
				97030C372844C5F40085EE8F /* Helpers */,
				97030C382844C5FE0085EE8F /* Resources */,
				97030C392844C6050085EE8F /* Extensions */,
				97030C472844D1120085EE8F /* SupportingFiles */,
				97030C0D2844BF200085EE8F /* Info.plist */,
			);
			path = WeatherstackApp;
			sourceTree = "<group>";
		};
		97030C152844BF200085EE8F /* WeatherstackAppTests */ = {
			isa = PBXGroup;
			children = (
				97030C162844BF200085EE8F /* WeatherstackAppTests.swift */,
			);
			path = WeatherstackAppTests;
			sourceTree = "<group>";
		};
		97030C1F2844BF200085EE8F /* WeatherstackAppUITests */ = {
			isa = PBXGroup;
			children = (
				97030C202844BF200085EE8F /* WeatherstackAppUITests.swift */,
				97030C222844BF200085EE8F /* WeatherstackAppUITestsLaunchTests.swift */,
			);
			path = WeatherstackAppUITests;
			sourceTree = "<group>";
		};
		97030C332844C5BE0085EE8F /* Application */ = {
			isa = PBXGroup;
			children = (
				97030C3A2844C61E0085EE8F /* Delegates */,
				97030C3F2844CA570085EE8F /* Coordinator */,
			);
			path = Application;
			sourceTree = "<group>";
		};
		97030C342844C5D10085EE8F /* Flows */ = {
			isa = PBXGroup;
			children = (
				97030C462844CD810085EE8F /* Home */,
				97030C4D2844F9560085EE8F /* Weather */,
			);
			path = Flows;
			sourceTree = "<group>";
		};
		97030C352844C5E90085EE8F /* Service */ = {
			isa = PBXGroup;
			children = (
				97030C482844D15C0085EE8F /* Storage */,
				97030C3B2844C6C90085EE8F /* Network */,
			);
			path = Service;
			sourceTree = "<group>";
		};
		97030C362844C5ED0085EE8F /* Styles */ = {
			isa = PBXGroup;
			children = (
			);
			path = Styles;
			sourceTree = "<group>";
		};
		97030C372844C5F40085EE8F /* Helpers */ = {
			isa = PBXGroup;
			children = (
			);
			path = Helpers;
			sourceTree = "<group>";
		};
		97030C382844C5FE0085EE8F /* Resources */ = {
			isa = PBXGroup;
			children = (
				97030C082844BF200085EE8F /* Assets.xcassets */,
			);
			path = Resources;
			sourceTree = "<group>";
		};
		97030C392844C6050085EE8F /* Extensions */ = {
			isa = PBXGroup;
			children = (
				97030C492844F4670085EE8F /* CornerRadius.swift */,
				97030C4B2844F7A50085EE8F /* AddDoneButtonToKeyboard.swift */,
			);
			path = Extensions;
			sourceTree = "<group>";
		};
		97030C3A2844C61E0085EE8F /* Delegates */ = {
			isa = PBXGroup;
			children = (
				97030BFC2844BF1F0085EE8F /* AppDelegate.swift */,
				97030BFE2844BF1F0085EE8F /* SceneDelegate.swift */,
			);
			path = Delegates;
			sourceTree = "<group>";
		};
		97030C3B2844C6C90085EE8F /* Network */ = {
			isa = PBXGroup;
			children = (
				97030C312844C06B0085EE8F /* APIKeys.swift */,
			);
			path = Network;
			sourceTree = "<group>";
		};
		97030C3E2844CA4B0085EE8F /* CoordinatorProtocols */ = {
			isa = PBXGroup;
			children = (
				97030C3C2844C9B00085EE8F /* CoordinatorProtocol.swift */,
				97030C402844CA8F0085EE8F /* AppCoordinatorProtocol.swift */,
			);
			path = CoordinatorProtocols;
			sourceTree = "<group>";
		};
		97030C3F2844CA570085EE8F /* Coordinator */ = {
			isa = PBXGroup;
			children = (
				97030C3E2844CA4B0085EE8F /* CoordinatorProtocols */,
				97030C422844CB450085EE8F /* AppCoordinator.swift */,
			);
			path = Coordinator;
			sourceTree = "<group>";
		};
		97030C462844CD810085EE8F /* Home */ = {
			isa = PBXGroup;
			children = (
				97030C442844CC1C0085EE8F /* HomeViewController.swift */,
				97030C502844FA1B0085EE8F /* HomeViewModel.swift */,
			);
			path = Home;
			sourceTree = "<group>";
		};
		97030C472844D1120085EE8F /* SupportingFiles */ = {
			isa = PBXGroup;
			children = (
				97030C0A2844BF200085EE8F /* LaunchScreen.storyboard */,
			);
			path = SupportingFiles;
			sourceTree = "<group>";
		};
		97030C482844D15C0085EE8F /* Storage */ = {
			isa = PBXGroup;
			children = (
				97030C052844BF1F0085EE8F /* WeatherstackApp.xcdatamodeld */,
			);
			path = Storage;
			sourceTree = "<group>";
		};
		97030C4D2844F9560085EE8F /* Weather */ = {
			isa = PBXGroup;
			children = (
				97030C4E2844F99A0085EE8F /* WeatherViewController.swift */,
				97030C522844FA2B0085EE8F /* WeatherViewModel.swift */,
			);
			path = Weather;
			sourceTree = "<group>";
		};
/* End PBXGroup section */

/* Begin PBXNativeTarget section */
		97030BF82844BF1F0085EE8F /* WeatherstackApp */ = {
			isa = PBXNativeTarget;
			buildConfigurationList = 97030C262844BF200085EE8F /* Build configuration list for PBXNativeTarget "WeatherstackApp" */;
			buildPhases = (
				97030BF52844BF1F0085EE8F /* Sources */,
				97030BF62844BF1F0085EE8F /* Frameworks */,
				97030BF72844BF1F0085EE8F /* Resources */,
			);
			buildRules = (
			);
			dependencies = (
			);
			name = WeatherstackApp;
			productName = WeatherstackApp;
			productReference = 97030BF92844BF1F0085EE8F /* WeatherstackApp.app */;
			productType = "com.apple.product-type.application";
		};
		97030C112844BF200085EE8F /* WeatherstackAppTests */ = {
			isa = PBXNativeTarget;
			buildConfigurationList = 97030C292844BF200085EE8F /* Build configuration list for PBXNativeTarget "WeatherstackAppTests" */;
			buildPhases = (
				97030C0E2844BF200085EE8F /* Sources */,
				97030C0F2844BF200085EE8F /* Frameworks */,
				97030C102844BF200085EE8F /* Resources */,
			);
			buildRules = (
			);
			dependencies = (
				97030C142844BF200085EE8F /* PBXTargetDependency */,
			);
			name = WeatherstackAppTests;
			productName = WeatherstackAppTests;
			productReference = 97030C122844BF200085EE8F /* WeatherstackAppTests.xctest */;
			productType = "com.apple.product-type.bundle.unit-test";
		};
		97030C1B2844BF200085EE8F /* WeatherstackAppUITests */ = {
			isa = PBXNativeTarget;
			buildConfigurationList = 97030C2C2844BF200085EE8F /* Build configuration list for PBXNativeTarget "WeatherstackAppUITests" */;
			buildPhases = (
				97030C182844BF200085EE8F /* Sources */,
				97030C192844BF200085EE8F /* Frameworks */,
				97030C1A2844BF200085EE8F /* Resources */,
			);
			buildRules = (
			);
			dependencies = (
				97030C1E2844BF200085EE8F /* PBXTargetDependency */,
			);
			name = WeatherstackAppUITests;
			productName = WeatherstackAppUITests;
			productReference = 97030C1C2844BF200085EE8F /* WeatherstackAppUITests.xctest */;
			productType = "com.apple.product-type.bundle.ui-testing";
		};
/* End PBXNativeTarget section */

/* Begin PBXProject section */
		97030BF12844BF1F0085EE8F /* Project object */ = {
			isa = PBXProject;
			attributes = {
				BuildIndependentTargetsInParallel = 1;
				LastSwiftUpdateCheck = 1330;
				LastUpgradeCheck = 1330;
				TargetAttributes = {
					97030BF82844BF1F0085EE8F = {
						CreatedOnToolsVersion = 13.3.1;
					};
					97030C112844BF200085EE8F = {
						CreatedOnToolsVersion = 13.3.1;
						TestTargetID = 97030BF82844BF1F0085EE8F;
					};
					97030C1B2844BF200085EE8F = {
						CreatedOnToolsVersion = 13.3.1;
						TestTargetID = 97030BF82844BF1F0085EE8F;
					};
				};
			};
			buildConfigurationList = 97030BF42844BF1F0085EE8F /* Build configuration list for PBXProject "WeatherstackApp" */;
			compatibilityVersion = "Xcode 13.0";
			developmentRegion = en;
			hasScannedForEncodings = 0;
			knownRegions = (
				en,
				Base,
			);
			mainGroup = 97030BF02844BF1F0085EE8F;
			productRefGroup = 97030BFA2844BF1F0085EE8F /* Products */;
			projectDirPath = "";
			projectRoot = "";
			targets = (
				97030BF82844BF1F0085EE8F /* WeatherstackApp */,
				97030C112844BF200085EE8F /* WeatherstackAppTests */,
				97030C1B2844BF200085EE8F /* WeatherstackAppUITests */,
			);
		};
/* End PBXProject section */

/* Begin PBXResourcesBuildPhase section */
		97030BF72844BF1F0085EE8F /* Resources */ = {
			isa = PBXResourcesBuildPhase;
			buildActionMask = 2147483647;
			files = (
				97030C0C2844BF200085EE8F /* LaunchScreen.storyboard in Resources */,
				97030C092844BF200085EE8F /* Assets.xcassets in Resources */,
			);
			runOnlyForDeploymentPostprocessing = 0;
		};
		97030C102844BF200085EE8F /* Resources */ = {
			isa = PBXResourcesBuildPhase;
			buildActionMask = 2147483647;
			files = (
			);
			runOnlyForDeploymentPostprocessing = 0;
		};
		97030C1A2844BF200085EE8F /* Resources */ = {
			isa = PBXResourcesBuildPhase;
			buildActionMask = 2147483647;
			files = (
			);
			runOnlyForDeploymentPostprocessing = 0;
		};
/* End PBXResourcesBuildPhase section */

/* Begin PBXSourcesBuildPhase section */
		97030BF52844BF1F0085EE8F /* Sources */ = {
			isa = PBXSourcesBuildPhase;
			buildActionMask = 2147483647;
			files = (
				97030C322844C06B0085EE8F /* APIKeys.swift in Sources */,
				97030C532844FA2B0085EE8F /* WeatherViewModel.swift in Sources */,
				97030C3D2844C9B00085EE8F /* CoordinatorProtocol.swift in Sources */,
				97030BFD2844BF1F0085EE8F /* AppDelegate.swift in Sources */,
				97030C432844CB450085EE8F /* AppCoordinator.swift in Sources */,
				97030C452844CC1C0085EE8F /* HomeViewController.swift in Sources */,
				97030BFF2844BF1F0085EE8F /* SceneDelegate.swift in Sources */,
				97030C072844BF1F0085EE8F /* WeatherstackApp.xcdatamodeld in Sources */,
				97030C512844FA1B0085EE8F /* HomeViewModel.swift in Sources */,
				97030C4C2844F7A60085EE8F /* AddDoneButtonToKeyboard.swift in Sources */,
				97030C412844CA8F0085EE8F /* AppCoordinatorProtocol.swift in Sources */,
				97030C4A2844F4670085EE8F /* CornerRadius.swift in Sources */,
				97030C4F2844F99A0085EE8F /* WeatherViewController.swift in Sources */,
			);
			runOnlyForDeploymentPostprocessing = 0;
		};
		97030C0E2844BF200085EE8F /* Sources */ = {
			isa = PBXSourcesBuildPhase;
			buildActionMask = 2147483647;
			files = (
				97030C172844BF200085EE8F /* WeatherstackAppTests.swift in Sources */,
			);
			runOnlyForDeploymentPostprocessing = 0;
		};
		97030C182844BF200085EE8F /* Sources */ = {
			isa = PBXSourcesBuildPhase;
			buildActionMask = 2147483647;
			files = (
				97030C232844BF200085EE8F /* WeatherstackAppUITestsLaunchTests.swift in Sources */,
				97030C212844BF200085EE8F /* WeatherstackAppUITests.swift in Sources */,
			);
			runOnlyForDeploymentPostprocessing = 0;
		};
/* End PBXSourcesBuildPhase section */

/* Begin PBXTargetDependency section */
		97030C142844BF200085EE8F /* PBXTargetDependency */ = {
			isa = PBXTargetDependency;
			target = 97030BF82844BF1F0085EE8F /* WeatherstackApp */;
			targetProxy = 97030C132844BF200085EE8F /* PBXContainerItemProxy */;
		};
		97030C1E2844BF200085EE8F /* PBXTargetDependency */ = {
			isa = PBXTargetDependency;
			target = 97030BF82844BF1F0085EE8F /* WeatherstackApp */;
			targetProxy = 97030C1D2844BF200085EE8F /* PBXContainerItemProxy */;
		};
/* End PBXTargetDependency section */

/* Begin PBXVariantGroup section */
		97030C0A2844BF200085EE8F /* LaunchScreen.storyboard */ = {
			isa = PBXVariantGroup;
			children = (
				97030C0B2844BF200085EE8F /* Base */,
			);
			name = LaunchScreen.storyboard;
			sourceTree = "<group>";
		};
/* End PBXVariantGroup section */

/* Begin XCBuildConfiguration section */
		97030C242844BF200085EE8F /* Debug */ = {
			isa = XCBuildConfiguration;
			buildSettings = {
				ALWAYS_SEARCH_USER_PATHS = NO;
				CLANG_ANALYZER_NONNULL = YES;
				CLANG_ANALYZER_NUMBER_OBJECT_CONVERSION = YES_AGGRESSIVE;
				CLANG_CXX_LANGUAGE_STANDARD = "gnu++17";
				CLANG_ENABLE_MODULES = YES;
				CLANG_ENABLE_OBJC_ARC = YES;
				CLANG_ENABLE_OBJC_WEAK = YES;
				CLANG_WARN_BLOCK_CAPTURE_AUTORELEASING = YES;
				CLANG_WARN_BOOL_CONVERSION = YES;
				CLANG_WARN_COMMA = YES;
				CLANG_WARN_CONSTANT_CONVERSION = YES;
				CLANG_WARN_DEPRECATED_OBJC_IMPLEMENTATIONS = YES;
				CLANG_WARN_DIRECT_OBJC_ISA_USAGE = YES_ERROR;
				CLANG_WARN_DOCUMENTATION_COMMENTS = YES;
				CLANG_WARN_EMPTY_BODY = YES;
				CLANG_WARN_ENUM_CONVERSION = YES;
				CLANG_WARN_INFINITE_RECURSION = YES;
				CLANG_WARN_INT_CONVERSION = YES;
				CLANG_WARN_NON_LITERAL_NULL_CONVERSION = YES;
				CLANG_WARN_OBJC_IMPLICIT_RETAIN_SELF = YES;
				CLANG_WARN_OBJC_LITERAL_CONVERSION = YES;
				CLANG_WARN_OBJC_ROOT_CLASS = YES_ERROR;
				CLANG_WARN_QUOTED_INCLUDE_IN_FRAMEWORK_HEADER = YES;
				CLANG_WARN_RANGE_LOOP_ANALYSIS = YES;
				CLANG_WARN_STRICT_PROTOTYPES = YES;
				CLANG_WARN_SUSPICIOUS_MOVE = YES;
				CLANG_WARN_UNGUARDED_AVAILABILITY = YES_AGGRESSIVE;
				CLANG_WARN_UNREACHABLE_CODE = YES;
				CLANG_WARN__DUPLICATE_METHOD_MATCH = YES;
				COPY_PHASE_STRIP = NO;
				DEBUG_INFORMATION_FORMAT = dwarf;
				ENABLE_STRICT_OBJC_MSGSEND = YES;
				ENABLE_TESTABILITY = YES;
				GCC_C_LANGUAGE_STANDARD = gnu11;
				GCC_DYNAMIC_NO_PIC = NO;
				GCC_NO_COMMON_BLOCKS = YES;
				GCC_OPTIMIZATION_LEVEL = 0;
				GCC_PREPROCESSOR_DEFINITIONS = (
					"DEBUG=1",
					"$(inherited)",
				);
				GCC_WARN_64_TO_32_BIT_CONVERSION = YES;
				GCC_WARN_ABOUT_RETURN_TYPE = YES_ERROR;
				GCC_WARN_UNDECLARED_SELECTOR = YES;
				GCC_WARN_UNINITIALIZED_AUTOS = YES_AGGRESSIVE;
				GCC_WARN_UNUSED_FUNCTION = YES;
				GCC_WARN_UNUSED_VARIABLE = YES;
				IPHONEOS_DEPLOYMENT_TARGET = 15.4;
				MTL_ENABLE_DEBUG_INFO = INCLUDE_SOURCE;
				MTL_FAST_MATH = YES;
				ONLY_ACTIVE_ARCH = YES;
				SDKROOT = iphoneos;
				SWIFT_ACTIVE_COMPILATION_CONDITIONS = DEBUG;
				SWIFT_OPTIMIZATION_LEVEL = "-Onone";
			};
			name = Debug;
		};
		97030C252844BF200085EE8F /* Release */ = {
			isa = XCBuildConfiguration;
			buildSettings = {
				ALWAYS_SEARCH_USER_PATHS = NO;
				CLANG_ANALYZER_NONNULL = YES;
				CLANG_ANALYZER_NUMBER_OBJECT_CONVERSION = YES_AGGRESSIVE;
				CLANG_CXX_LANGUAGE_STANDARD = "gnu++17";
				CLANG_ENABLE_MODULES = YES;
				CLANG_ENABLE_OBJC_ARC = YES;
				CLANG_ENABLE_OBJC_WEAK = YES;
				CLANG_WARN_BLOCK_CAPTURE_AUTORELEASING = YES;
				CLANG_WARN_BOOL_CONVERSION = YES;
				CLANG_WARN_COMMA = YES;
				CLANG_WARN_CONSTANT_CONVERSION = YES;
				CLANG_WARN_DEPRECATED_OBJC_IMPLEMENTATIONS = YES;
				CLANG_WARN_DIRECT_OBJC_ISA_USAGE = YES_ERROR;
				CLANG_WARN_DOCUMENTATION_COMMENTS = YES;
				CLANG_WARN_EMPTY_BODY = YES;
				CLANG_WARN_ENUM_CONVERSION = YES;
				CLANG_WARN_INFINITE_RECURSION = YES;
				CLANG_WARN_INT_CONVERSION = YES;
				CLANG_WARN_NON_LITERAL_NULL_CONVERSION = YES;
				CLANG_WARN_OBJC_IMPLICIT_RETAIN_SELF = YES;
				CLANG_WARN_OBJC_LITERAL_CONVERSION = YES;
				CLANG_WARN_OBJC_ROOT_CLASS = YES_ERROR;
				CLANG_WARN_QUOTED_INCLUDE_IN_FRAMEWORK_HEADER = YES;
				CLANG_WARN_RANGE_LOOP_ANALYSIS = YES;
				CLANG_WARN_STRICT_PROTOTYPES = YES;
				CLANG_WARN_SUSPICIOUS_MOVE = YES;
				CLANG_WARN_UNGUARDED_AVAILABILITY = YES_AGGRESSIVE;
				CLANG_WARN_UNREACHABLE_CODE = YES;
				CLANG_WARN__DUPLICATE_METHOD_MATCH = YES;
				COPY_PHASE_STRIP = NO;
				DEBUG_INFORMATION_FORMAT = "dwarf-with-dsym";
				ENABLE_NS_ASSERTIONS = NO;
				ENABLE_STRICT_OBJC_MSGSEND = YES;
				GCC_C_LANGUAGE_STANDARD = gnu11;
				GCC_NO_COMMON_BLOCKS = YES;
				GCC_WARN_64_TO_32_BIT_CONVERSION = YES;
				GCC_WARN_ABOUT_RETURN_TYPE = YES_ERROR;
				GCC_WARN_UNDECLARED_SELECTOR = YES;
				GCC_WARN_UNINITIALIZED_AUTOS = YES_AGGRESSIVE;
				GCC_WARN_UNUSED_FUNCTION = YES;
				GCC_WARN_UNUSED_VARIABLE = YES;
				IPHONEOS_DEPLOYMENT_TARGET = 15.4;
				MTL_ENABLE_DEBUG_INFO = NO;
				MTL_FAST_MATH = YES;
				SDKROOT = iphoneos;
				SWIFT_COMPILATION_MODE = wholemodule;
				SWIFT_OPTIMIZATION_LEVEL = "-O";
				VALIDATE_PRODUCT = YES;
			};
			name = Release;
		};
		97030C272844BF200085EE8F /* Debug */ = {
			isa = XCBuildConfiguration;
			buildSettings = {
				ASSETCATALOG_COMPILER_APPICON_NAME = AppIcon;
				ASSETCATALOG_COMPILER_GLOBAL_ACCENT_COLOR_NAME = AccentColor;
				CODE_SIGN_STYLE = Automatic;
				CURRENT_PROJECT_VERSION = 1;
				DEVELOPMENT_TEAM = T4959W6459;
				GENERATE_INFOPLIST_FILE = YES;
				INFOPLIST_FILE = WeatherstackApp/Info.plist;
				INFOPLIST_KEY_UIApplicationSupportsIndirectInputEvents = YES;
				INFOPLIST_KEY_UILaunchStoryboardName = LaunchScreen;
				INFOPLIST_KEY_UISupportedInterfaceOrientations_iPad = "UIInterfaceOrientationPortrait UIInterfaceOrientationPortraitUpsideDown UIInterfaceOrientationLandscapeLeft UIInterfaceOrientationLandscapeRight";
				INFOPLIST_KEY_UISupportedInterfaceOrientations_iPhone = "UIInterfaceOrientationPortrait UIInterfaceOrientationLandscapeLeft UIInterfaceOrientationLandscapeRight";
				LD_RUNPATH_SEARCH_PATHS = (
					"$(inherited)",
					"@executable_path/Frameworks",
				);
				MARKETING_VERSION = 1.0;
				PRODUCT_BUNDLE_IDENTIFIER = fr.ianisrichardier.WeatherstackApp;
				PRODUCT_NAME = "$(TARGET_NAME)";
				SWIFT_EMIT_LOC_STRINGS = YES;
				SWIFT_VERSION = 5.0;
				TARGETED_DEVICE_FAMILY = 1;
			};
			name = Debug;
		};
		97030C282844BF200085EE8F /* Release */ = {
			isa = XCBuildConfiguration;
			buildSettings = {
				ASSETCATALOG_COMPILER_APPICON_NAME = AppIcon;
				ASSETCATALOG_COMPILER_GLOBAL_ACCENT_COLOR_NAME = AccentColor;
				CODE_SIGN_STYLE = Automatic;
				CURRENT_PROJECT_VERSION = 1;
				DEVELOPMENT_TEAM = T4959W6459;
				GENERATE_INFOPLIST_FILE = YES;
				INFOPLIST_FILE = WeatherstackApp/Info.plist;
				INFOPLIST_KEY_UIApplicationSupportsIndirectInputEvents = YES;
				INFOPLIST_KEY_UILaunchStoryboardName = LaunchScreen;
				INFOPLIST_KEY_UISupportedInterfaceOrientations_iPad = "UIInterfaceOrientationPortrait UIInterfaceOrientationPortraitUpsideDown UIInterfaceOrientationLandscapeLeft UIInterfaceOrientationLandscapeRight";
				INFOPLIST_KEY_UISupportedInterfaceOrientations_iPhone = "UIInterfaceOrientationPortrait UIInterfaceOrientationLandscapeLeft UIInterfaceOrientationLandscapeRight";
				LD_RUNPATH_SEARCH_PATHS = (
					"$(inherited)",
					"@executable_path/Frameworks",
				);
				MARKETING_VERSION = 1.0;
				PRODUCT_BUNDLE_IDENTIFIER = fr.ianisrichardier.WeatherstackApp;
				PRODUCT_NAME = "$(TARGET_NAME)";
				SWIFT_EMIT_LOC_STRINGS = YES;
				SWIFT_VERSION = 5.0;
				TARGETED_DEVICE_FAMILY = 1;
			};
			name = Release;
		};
		97030C2A2844BF200085EE8F /* Debug */ = {
			isa = XCBuildConfiguration;
			buildSettings = {
				ALWAYS_EMBED_SWIFT_STANDARD_LIBRARIES = YES;
				BUNDLE_LOADER = "$(TEST_HOST)";
				CODE_SIGN_STYLE = Automatic;
				CURRENT_PROJECT_VERSION = 1;
				DEVELOPMENT_TEAM = T4959W6459;
				GENERATE_INFOPLIST_FILE = YES;
				IPHONEOS_DEPLOYMENT_TARGET = 15.4;
				MARKETING_VERSION = 1.0;
				PRODUCT_BUNDLE_IDENTIFIER = fr.ianisrichardier.WeatherstackAppTests;
				PRODUCT_NAME = "$(TARGET_NAME)";
				SWIFT_EMIT_LOC_STRINGS = NO;
				SWIFT_VERSION = 5.0;
				TARGETED_DEVICE_FAMILY = "1,2";
				TEST_HOST = "$(BUILT_PRODUCTS_DIR)/WeatherstackApp.app/WeatherstackApp";
			};
			name = Debug;
		};
		97030C2B2844BF200085EE8F /* Release */ = {
			isa = XCBuildConfiguration;
			buildSettings = {
				ALWAYS_EMBED_SWIFT_STANDARD_LIBRARIES = YES;
				BUNDLE_LOADER = "$(TEST_HOST)";
				CODE_SIGN_STYLE = Automatic;
				CURRENT_PROJECT_VERSION = 1;
				DEVELOPMENT_TEAM = T4959W6459;
				GENERATE_INFOPLIST_FILE = YES;
				IPHONEOS_DEPLOYMENT_TARGET = 15.4;
				MARKETING_VERSION = 1.0;
				PRODUCT_BUNDLE_IDENTIFIER = fr.ianisrichardier.WeatherstackAppTests;
				PRODUCT_NAME = "$(TARGET_NAME)";
				SWIFT_EMIT_LOC_STRINGS = NO;
				SWIFT_VERSION = 5.0;
				TARGETED_DEVICE_FAMILY = "1,2";
				TEST_HOST = "$(BUILT_PRODUCTS_DIR)/WeatherstackApp.app/WeatherstackApp";
			};
			name = Release;
		};
		97030C2D2844BF200085EE8F /* Debug */ = {
			isa = XCBuildConfiguration;
			buildSettings = {
				ALWAYS_EMBED_SWIFT_STANDARD_LIBRARIES = YES;
				CODE_SIGN_STYLE = Automatic;
				CURRENT_PROJECT_VERSION = 1;
				DEVELOPMENT_TEAM = T4959W6459;
				GENERATE_INFOPLIST_FILE = YES;
				MARKETING_VERSION = 1.0;
				PRODUCT_BUNDLE_IDENTIFIER = fr.ianisrichardier.WeatherstackAppUITests;
				PRODUCT_NAME = "$(TARGET_NAME)";
				SWIFT_EMIT_LOC_STRINGS = NO;
				SWIFT_VERSION = 5.0;
				TARGETED_DEVICE_FAMILY = "1,2";
				TEST_TARGET_NAME = WeatherstackApp;
			};
			name = Debug;
		};
		97030C2E2844BF200085EE8F /* Release */ = {
			isa = XCBuildConfiguration;
			buildSettings = {
				ALWAYS_EMBED_SWIFT_STANDARD_LIBRARIES = YES;
				CODE_SIGN_STYLE = Automatic;
				CURRENT_PROJECT_VERSION = 1;
				DEVELOPMENT_TEAM = T4959W6459;
				GENERATE_INFOPLIST_FILE = YES;
				MARKETING_VERSION = 1.0;
				PRODUCT_BUNDLE_IDENTIFIER = fr.ianisrichardier.WeatherstackAppUITests;
				PRODUCT_NAME = "$(TARGET_NAME)";
				SWIFT_EMIT_LOC_STRINGS = NO;
				SWIFT_VERSION = 5.0;
				TARGETED_DEVICE_FAMILY = "1,2";
				TEST_TARGET_NAME = WeatherstackApp;
			};
			name = Release;
		};
/* End XCBuildConfiguration section */

/* Begin XCConfigurationList section */
		97030BF42844BF1F0085EE8F /* Build configuration list for PBXProject "WeatherstackApp" */ = {
			isa = XCConfigurationList;
			buildConfigurations = (
				97030C242844BF200085EE8F /* Debug */,
				97030C252844BF200085EE8F /* Release */,
			);
			defaultConfigurationIsVisible = 0;
			defaultConfigurationName = Release;
		};
		97030C262844BF200085EE8F /* Build configuration list for PBXNativeTarget "WeatherstackApp" */ = {
			isa = XCConfigurationList;
			buildConfigurations = (
				97030C272844BF200085EE8F /* Debug */,
				97030C282844BF200085EE8F /* Release */,
			);
			defaultConfigurationIsVisible = 0;
			defaultConfigurationName = Release;
		};
		97030C292844BF200085EE8F /* Build configuration list for PBXNativeTarget "WeatherstackAppTests" */ = {
			isa = XCConfigurationList;
			buildConfigurations = (
				97030C2A2844BF200085EE8F /* Debug */,
				97030C2B2844BF200085EE8F /* Release */,
			);
			defaultConfigurationIsVisible = 0;
			defaultConfigurationName = Release;
		};
		97030C2C2844BF200085EE8F /* Build configuration list for PBXNativeTarget "WeatherstackAppUITests" */ = {
			isa = XCConfigurationList;
			buildConfigurations = (
				97030C2D2844BF200085EE8F /* Debug */,
				97030C2E2844BF200085EE8F /* Release */,
			);
			defaultConfigurationIsVisible = 0;
			defaultConfigurationName = Release;
		};
/* End XCConfigurationList section */

/* Begin XCVersionGroup section */
		97030C052844BF1F0085EE8F /* WeatherstackApp.xcdatamodeld */ = {
			isa = XCVersionGroup;
			children = (
				97030C062844BF1F0085EE8F /* WeatherstackApp.xcdatamodel */,
			);
			currentVersion = 97030C062844BF1F0085EE8F /* WeatherstackApp.xcdatamodel */;
			path = WeatherstackApp.xcdatamodeld;
			sourceTree = "<group>";
			versionGroupType = wrapper.xcdatamodel;
		};
/* End XCVersionGroup section */
	};
	rootObject = 97030BF12844BF1F0085EE8F /* Project object */;
}
