// !$*UTF8*$!
{
	archiveVersion = 1;
	classes = {
	};
	objectVersion = 55;
	objects = {

/* Begin PBXBuildFile section */
		40D77EC5C491C3A93807FD89 /* Pods_WeatherstackApp.framework in Frameworks */ = {isa = PBXBuildFile; fileRef = 9BA2676FABE2374D27E2E05B /* Pods_WeatherstackApp.framework */; };
		72A6ABFEFA82114C53D2974F /* Pods_WeatherstackApp_WeatherstackAppUITests.framework in Frameworks */ = {isa = PBXBuildFile; fileRef = C78771E2C74040E8645BD9FA /* Pods_WeatherstackApp_WeatherstackAppUITests.framework */; };
		97030BFD2844BF1F0085EE8F /* AppDelegate.swift in Sources */ = {isa = PBXBuildFile; fileRef = 97030BFC2844BF1F0085EE8F /* AppDelegate.swift */; };
		97030BFF2844BF1F0085EE8F /* SceneDelegate.swift in Sources */ = {isa = PBXBuildFile; fileRef = 97030BFE2844BF1F0085EE8F /* SceneDelegate.swift */; };
		97030C072844BF1F0085EE8F /* WeatherstackApp.xcdatamodeld in Sources */ = {isa = PBXBuildFile; fileRef = 97030C052844BF1F0085EE8F /* WeatherstackApp.xcdatamodeld */; };
		97030C092844BF200085EE8F /* Assets.xcassets in Resources */ = {isa = PBXBuildFile; fileRef = 97030C082844BF200085EE8F /* Assets.xcassets */; };
		97030C0C2844BF200085EE8F /* LaunchScreen.storyboard in Resources */ = {isa = PBXBuildFile; fileRef = 97030C0A2844BF200085EE8F /* LaunchScreen.storyboard */; };
		97030C172844BF200085EE8F /* WeatherViewModelTests.swift in Sources */ = {isa = PBXBuildFile; fileRef = 97030C162844BF200085EE8F /* WeatherViewModelTests.swift */; };
		97030C212844BF200085EE8F /* WeatherstackAppUITests.swift in Sources */ = {isa = PBXBuildFile; fileRef = 97030C202844BF200085EE8F /* WeatherstackAppUITests.swift */; };
		97030C232844BF200085EE8F /* WeatherstackAppUITestsLaunchTests.swift in Sources */ = {isa = PBXBuildFile; fileRef = 97030C222844BF200085EE8F /* WeatherstackAppUITestsLaunchTests.swift */; };
		97030C322844C06B0085EE8F /* APIKeys.swift in Sources */ = {isa = PBXBuildFile; fileRef = 97030C312844C06B0085EE8F /* APIKeys.swift */; };
		97030C3D2844C9B00085EE8F /* CoordinatorProtocol.swift in Sources */ = {isa = PBXBuildFile; fileRef = 97030C3C2844C9B00085EE8F /* CoordinatorProtocol.swift */; };
		97030C412844CA8F0085EE8F /* AppCoordinatorProtocol.swift in Sources */ = {isa = PBXBuildFile; fileRef = 97030C402844CA8F0085EE8F /* AppCoordinatorProtocol.swift */; };
		97030C432844CB450085EE8F /* AppCoordinator.swift in Sources */ = {isa = PBXBuildFile; fileRef = 97030C422844CB450085EE8F /* AppCoordinator.swift */; };
		97030C452844CC1C0085EE8F /* HomeViewController.swift in Sources */ = {isa = PBXBuildFile; fileRef = 97030C442844CC1C0085EE8F /* HomeViewController.swift */; };
		97030C4A2844F4670085EE8F /* CornerRadius.swift in Sources */ = {isa = PBXBuildFile; fileRef = 97030C492844F4670085EE8F /* CornerRadius.swift */; };
		97030C4C2844F7A60085EE8F /* AddDoneButtonToKeyboard.swift in Sources */ = {isa = PBXBuildFile; fileRef = 97030C4B2844F7A50085EE8F /* AddDoneButtonToKeyboard.swift */; };
		97030C4F2844F99A0085EE8F /* WeatherViewController.swift in Sources */ = {isa = PBXBuildFile; fileRef = 97030C4E2844F99A0085EE8F /* WeatherViewController.swift */; };
		97030C512844FA1B0085EE8F /* HomeViewModel.swift in Sources */ = {isa = PBXBuildFile; fileRef = 97030C502844FA1B0085EE8F /* HomeViewModel.swift */; };
		97030C532844FA2B0085EE8F /* WeatherViewModel.swift in Sources */ = {isa = PBXBuildFile; fileRef = 97030C522844FA2B0085EE8F /* WeatherViewModel.swift */; };
		97BA014E2845F53800BB0815 /* MainSquareCell.swift in Sources */ = {isa = PBXBuildFile; fileRef = 97BA014D2845F53800BB0815 /* MainSquareCell.swift */; };
		97BA01522845FAB400BB0815 /* LoadImage.swift in Sources */ = {isa = PBXBuildFile; fileRef = 97BA01512845FAB400BB0815 /* LoadImage.swift */; };
		97BA01542846749A00BB0815 /* Alert.swift in Sources */ = {isa = PBXBuildFile; fileRef = 97BA01532846749A00BB0815 /* Alert.swift */; };
		97BA01592847949A00BB0815 /* CurrentInfo.swift in Sources */ = {isa = PBXBuildFile; fileRef = 97BA01582847949A00BB0815 /* CurrentInfo.swift */; };
		97BA015B284794A600BB0815 /* RequestInfo.swift in Sources */ = {isa = PBXBuildFile; fileRef = 97BA015A284794A600BB0815 /* RequestInfo.swift */; };
		97BA015D284794AF00BB0815 /* LocationInfo.swift in Sources */ = {isa = PBXBuildFile; fileRef = 97BA015C284794AF00BB0815 /* LocationInfo.swift */; };
		97BA01602847951F00BB0815 /* WeatherViewModelProtocols.swift in Sources */ = {isa = PBXBuildFile; fileRef = 97BA015F2847951F00BB0815 /* WeatherViewModelProtocols.swift */; };
		97BA016328488D4E00BB0815 /* NetworkProtocol.swift in Sources */ = {isa = PBXBuildFile; fileRef = 97BA016228488D4E00BB0815 /* NetworkProtocol.swift */; };
		97BA016928488E8200BB0815 /* WSAImages.swift in Sources */ = {isa = PBXBuildFile; fileRef = 97BA016828488E8200BB0815 /* WSAImages.swift */; };
		97BA016B28488E8F00BB0815 /* Strings.swift in Sources */ = {isa = PBXBuildFile; fileRef = 97BA016A28488E8F00BB0815 /* Strings.swift */; };
		97BA01732848940300BB0815 /* CoordinatorMock.swift in Sources */ = {isa = PBXBuildFile; fileRef = 97BA01722848940300BB0815 /* CoordinatorMock.swift */; };
		97BA01752848954000BB0815 /* URLProtocolMock.swift in Sources */ = {isa = PBXBuildFile; fileRef = 97BA01742848954000BB0815 /* URLProtocolMock.swift */; };
		97BA01792848961B00BB0815 /* Weatherstack.json in Resources */ = {isa = PBXBuildFile; fileRef = 97BA01782848961B00BB0815 /* Weatherstack.json */; };
		97BA017B2848966200BB0815 /* FakeData.swift in Sources */ = {isa = PBXBuildFile; fileRef = 97BA017A2848966200BB0815 /* FakeData.swift */; };
		97BA017D284899D800BB0815 /* APITests.swift in Sources */ = {isa = PBXBuildFile; fileRef = 97BA017C284899D800BB0815 /* APITests.swift */; };
		97BA017F28489DA300BB0815 /* NetworkRequestsMock.swift in Sources */ = {isa = PBXBuildFile; fileRef = 97BA017E28489DA300BB0815 /* NetworkRequestsMock.swift */; };
		97F684EB284505DF009AE824 /* WeatherInfo.swift in Sources */ = {isa = PBXBuildFile; fileRef = 97F684EA284505DF009AE824 /* WeatherInfo.swift */; };
		97F684ED2845254C009AE824 /* NetworkService.swift in Sources */ = {isa = PBXBuildFile; fileRef = 97F684EC2845254C009AE824 /* NetworkService.swift */; };
		C9DDBE9489177FD09D6EEF5C /* Pods_WeatherstackAppTests.framework in Frameworks */ = {isa = PBXBuildFile; fileRef = 351E4905C75552DE90F49794 /* Pods_WeatherstackAppTests.framework */; };
/* End PBXBuildFile section */

/* Begin PBXContainerItemProxy section */
		97030C132844BF200085EE8F /* PBXContainerItemProxy */ = {
			isa = PBXContainerItemProxy;
			containerPortal = 97030BF12844BF1F0085EE8F /* Project object */;
			proxyType = 1;
			remoteGlobalIDString = 97030BF82844BF1F0085EE8F;
			remoteInfo = WeatherstackApp;
		};
		97030C1D2844BF200085EE8F /* PBXContainerItemProxy */ = {
			isa = PBXContainerItemProxy;
			containerPortal = 97030BF12844BF1F0085EE8F /* Project object */;
			proxyType = 1;
			remoteGlobalIDString = 97030BF82844BF1F0085EE8F;
			remoteInfo = WeatherstackApp;
		};
/* End PBXContainerItemProxy section */

/* Begin PBXFileReference section */
		2961A05915BE5664285FDBD2 /* Pods-WeatherstackApp-WeatherstackAppUITests.release.xcconfig */ = {isa = PBXFileReference; includeInIndex = 1; lastKnownFileType = text.xcconfig; name = "Pods-WeatherstackApp-WeatherstackAppUITests.release.xcconfig"; path = "Target Support Files/Pods-WeatherstackApp-WeatherstackAppUITests/Pods-WeatherstackApp-WeatherstackAppUITests.release.xcconfig"; sourceTree = "<group>"; };
		329C228D03FD36D23A42DB67 /* Pods-WeatherstackApp.release.xcconfig */ = {isa = PBXFileReference; includeInIndex = 1; lastKnownFileType = text.xcconfig; name = "Pods-WeatherstackApp.release.xcconfig"; path = "Target Support Files/Pods-WeatherstackApp/Pods-WeatherstackApp.release.xcconfig"; sourceTree = "<group>"; };
		351E4905C75552DE90F49794 /* Pods_WeatherstackAppTests.framework */ = {isa = PBXFileReference; explicitFileType = wrapper.framework; includeInIndex = 0; path = Pods_WeatherstackAppTests.framework; sourceTree = BUILT_PRODUCTS_DIR; };
		37DDD90928361283437149C6 /* Pods-WeatherstackAppTests.debug.xcconfig */ = {isa = PBXFileReference; includeInIndex = 1; lastKnownFileType = text.xcconfig; name = "Pods-WeatherstackAppTests.debug.xcconfig"; path = "Target Support Files/Pods-WeatherstackAppTests/Pods-WeatherstackAppTests.debug.xcconfig"; sourceTree = "<group>"; };
		64CAFFA061D42E86BBF7E663 /* Pods-WeatherstackApp-WeatherstackAppUITests.debug.xcconfig */ = {isa = PBXFileReference; includeInIndex = 1; lastKnownFileType = text.xcconfig; name = "Pods-WeatherstackApp-WeatherstackAppUITests.debug.xcconfig"; path = "Target Support Files/Pods-WeatherstackApp-WeatherstackAppUITests/Pods-WeatherstackApp-WeatherstackAppUITests.debug.xcconfig"; sourceTree = "<group>"; };
		70039DAD016993F4DE972DF8 /* Pods-WeatherstackAppTests.release.xcconfig */ = {isa = PBXFileReference; includeInIndex = 1; lastKnownFileType = text.xcconfig; name = "Pods-WeatherstackAppTests.release.xcconfig"; path = "Target Support Files/Pods-WeatherstackAppTests/Pods-WeatherstackAppTests.release.xcconfig"; sourceTree = "<group>"; };
		97030BF92844BF1F0085EE8F /* WeatherstackApp.app */ = {isa = PBXFileReference; explicitFileType = wrapper.application; includeInIndex = 0; path = WeatherstackApp.app; sourceTree = BUILT_PRODUCTS_DIR; };
		97030BFC2844BF1F0085EE8F /* AppDelegate.swift */ = {isa = PBXFileReference; lastKnownFileType = sourcecode.swift; path = AppDelegate.swift; sourceTree = "<group>"; };
		97030BFE2844BF1F0085EE8F /* SceneDelegate.swift */ = {isa = PBXFileReference; lastKnownFileType = sourcecode.swift; path = SceneDelegate.swift; sourceTree = "<group>"; };
		97030C062844BF1F0085EE8F /* WeatherstackApp.xcdatamodel */ = {isa = PBXFileReference; lastKnownFileType = wrapper.xcdatamodel; path = WeatherstackApp.xcdatamodel; sourceTree = "<group>"; };
		97030C082844BF200085EE8F /* Assets.xcassets */ = {isa = PBXFileReference; lastKnownFileType = folder.assetcatalog; path = Assets.xcassets; sourceTree = "<group>"; };
		97030C0B2844BF200085EE8F /* Base */ = {isa = PBXFileReference; lastKnownFileType = file.storyboard; name = Base; path = Base.lproj/LaunchScreen.storyboard; sourceTree = "<group>"; };
		97030C0D2844BF200085EE8F /* Info.plist */ = {isa = PBXFileReference; lastKnownFileType = text.plist.xml; path = Info.plist; sourceTree = "<group>"; };
		97030C122844BF200085EE8F /* WeatherstackAppTests.xctest */ = {isa = PBXFileReference; explicitFileType = wrapper.cfbundle; includeInIndex = 0; path = WeatherstackAppTests.xctest; sourceTree = BUILT_PRODUCTS_DIR; };
		97030C162844BF200085EE8F /* WeatherViewModelTests.swift */ = {isa = PBXFileReference; lastKnownFileType = sourcecode.swift; path = WeatherViewModelTests.swift; sourceTree = "<group>"; };
		97030C1C2844BF200085EE8F /* WeatherstackAppUITests.xctest */ = {isa = PBXFileReference; explicitFileType = wrapper.cfbundle; includeInIndex = 0; path = WeatherstackAppUITests.xctest; sourceTree = BUILT_PRODUCTS_DIR; };
		97030C202844BF200085EE8F /* WeatherstackAppUITests.swift */ = {isa = PBXFileReference; lastKnownFileType = sourcecode.swift; path = WeatherstackAppUITests.swift; sourceTree = "<group>"; };
		97030C222844BF200085EE8F /* WeatherstackAppUITestsLaunchTests.swift */ = {isa = PBXFileReference; lastKnownFileType = sourcecode.swift; path = WeatherstackAppUITestsLaunchTests.swift; sourceTree = "<group>"; };
		97030C312844C06B0085EE8F /* APIKeys.swift */ = {isa = PBXFileReference; lastKnownFileType = sourcecode.swift; path = APIKeys.swift; sourceTree = "<group>"; };
		97030C3C2844C9B00085EE8F /* CoordinatorProtocol.swift */ = {isa = PBXFileReference; lastKnownFileType = sourcecode.swift; path = CoordinatorProtocol.swift; sourceTree = "<group>"; };
		97030C402844CA8F0085EE8F /* AppCoordinatorProtocol.swift */ = {isa = PBXFileReference; lastKnownFileType = sourcecode.swift; path = AppCoordinatorProtocol.swift; sourceTree = "<group>"; };
		97030C422844CB450085EE8F /* AppCoordinator.swift */ = {isa = PBXFileReference; lastKnownFileType = sourcecode.swift; path = AppCoordinator.swift; sourceTree = "<group>"; };
		97030C442844CC1C0085EE8F /* HomeViewController.swift */ = {isa = PBXFileReference; lastKnownFileType = sourcecode.swift; path = HomeViewController.swift; sourceTree = "<group>"; };
		97030C492844F4670085EE8F /* CornerRadius.swift */ = {isa = PBXFileReference; fileEncoding = 4; lastKnownFileType = sourcecode.swift; path = CornerRadius.swift; sourceTree = "<group>"; };
		97030C4B2844F7A50085EE8F /* AddDoneButtonToKeyboard.swift */ = {isa = PBXFileReference; fileEncoding = 4; lastKnownFileType = sourcecode.swift; path = AddDoneButtonToKeyboard.swift; sourceTree = "<group>"; };
		97030C4E2844F99A0085EE8F /* WeatherViewController.swift */ = {isa = PBXFileReference; lastKnownFileType = sourcecode.swift; path = WeatherViewController.swift; sourceTree = "<group>"; };
		97030C502844FA1B0085EE8F /* HomeViewModel.swift */ = {isa = PBXFileReference; lastKnownFileType = sourcecode.swift; path = HomeViewModel.swift; sourceTree = "<group>"; };
		97030C522844FA2B0085EE8F /* WeatherViewModel.swift */ = {isa = PBXFileReference; lastKnownFileType = sourcecode.swift; path = WeatherViewModel.swift; sourceTree = "<group>"; };
		97BA014D2845F53800BB0815 /* MainSquareCell.swift */ = {isa = PBXFileReference; lastKnownFileType = sourcecode.swift; path = MainSquareCell.swift; sourceTree = "<group>"; };
		97BA01512845FAB400BB0815 /* LoadImage.swift */ = {isa = PBXFileReference; fileEncoding = 4; lastKnownFileType = sourcecode.swift; path = LoadImage.swift; sourceTree = "<group>"; };
		97BA01532846749A00BB0815 /* Alert.swift */ = {isa = PBXFileReference; fileEncoding = 4; lastKnownFileType = sourcecode.swift; path = Alert.swift; sourceTree = "<group>"; };
		97BA01582847949A00BB0815 /* CurrentInfo.swift */ = {isa = PBXFileReference; lastKnownFileType = sourcecode.swift; path = CurrentInfo.swift; sourceTree = "<group>"; };
		97BA015A284794A600BB0815 /* RequestInfo.swift */ = {isa = PBXFileReference; lastKnownFileType = sourcecode.swift; path = RequestInfo.swift; sourceTree = "<group>"; };
		97BA015C284794AF00BB0815 /* LocationInfo.swift */ = {isa = PBXFileReference; lastKnownFileType = sourcecode.swift; path = LocationInfo.swift; sourceTree = "<group>"; };
		97BA015F2847951F00BB0815 /* WeatherViewModelProtocols.swift */ = {isa = PBXFileReference; lastKnownFileType = sourcecode.swift; path = WeatherViewModelProtocols.swift; sourceTree = "<group>"; };
		97BA016228488D4E00BB0815 /* NetworkProtocol.swift */ = {isa = PBXFileReference; lastKnownFileType = sourcecode.swift; path = NetworkProtocol.swift; sourceTree = "<group>"; };
		97BA016828488E8200BB0815 /* WSAImages.swift */ = {isa = PBXFileReference; lastKnownFileType = sourcecode.swift; path = WSAImages.swift; sourceTree = "<group>"; };
		97BA016A28488E8F00BB0815 /* Strings.swift */ = {isa = PBXFileReference; lastKnownFileType = sourcecode.swift; path = Strings.swift; sourceTree = "<group>"; };
		97BA01722848940300BB0815 /* CoordinatorMock.swift */ = {isa = PBXFileReference; fileEncoding = 4; lastKnownFileType = sourcecode.swift; path = CoordinatorMock.swift; sourceTree = "<group>"; };
		97BA01742848954000BB0815 /* URLProtocolMock.swift */ = {isa = PBXFileReference; lastKnownFileType = sourcecode.swift; path = URLProtocolMock.swift; sourceTree = "<group>"; };
		97BA01782848961B00BB0815 /* Weatherstack.json */ = {isa = PBXFileReference; fileEncoding = 4; lastKnownFileType = text.json; path = Weatherstack.json; sourceTree = "<group>"; };
		97BA017A2848966200BB0815 /* FakeData.swift */ = {isa = PBXFileReference; lastKnownFileType = sourcecode.swift; path = FakeData.swift; sourceTree = "<group>"; };
		97BA017C284899D800BB0815 /* APITests.swift */ = {isa = PBXFileReference; lastKnownFileType = sourcecode.swift; path = APITests.swift; sourceTree = "<group>"; };
		97BA017E28489DA300BB0815 /* NetworkRequestsMock.swift */ = {isa = PBXFileReference; lastKnownFileType = sourcecode.swift; path = NetworkRequestsMock.swift; sourceTree = "<group>"; };
		97F684EA284505DF009AE824 /* WeatherInfo.swift */ = {isa = PBXFileReference; lastKnownFileType = sourcecode.swift; path = WeatherInfo.swift; sourceTree = "<group>"; };
		97F684EC2845254C009AE824 /* NetworkService.swift */ = {isa = PBXFileReference; lastKnownFileType = sourcecode.swift; path = NetworkService.swift; sourceTree = "<group>"; };
		9BA2676FABE2374D27E2E05B /* Pods_WeatherstackApp.framework */ = {isa = PBXFileReference; explicitFileType = wrapper.framework; includeInIndex = 0; path = Pods_WeatherstackApp.framework; sourceTree = BUILT_PRODUCTS_DIR; };
		C78771E2C74040E8645BD9FA /* Pods_WeatherstackApp_WeatherstackAppUITests.framework */ = {isa = PBXFileReference; explicitFileType = wrapper.framework; includeInIndex = 0; path = Pods_WeatherstackApp_WeatherstackAppUITests.framework; sourceTree = BUILT_PRODUCTS_DIR; };
		D44F0909746203D97086AAF7 /* Pods-WeatherstackApp.debug.xcconfig */ = {isa = PBXFileReference; includeInIndex = 1; lastKnownFileType = text.xcconfig; name = "Pods-WeatherstackApp.debug.xcconfig"; path = "Target Support Files/Pods-WeatherstackApp/Pods-WeatherstackApp.debug.xcconfig"; sourceTree = "<group>"; };
/* End PBXFileReference section */

/* Begin PBXFrameworksBuildPhase section */
		97030BF62844BF1F0085EE8F /* Frameworks */ = {
			isa = PBXFrameworksBuildPhase;
			buildActionMask = 2147483647;
			files = (
				40D77EC5C491C3A93807FD89 /* Pods_WeatherstackApp.framework in Frameworks */,
			);
			runOnlyForDeploymentPostprocessing = 0;
		};
		97030C0F2844BF200085EE8F /* Frameworks */ = {
			isa = PBXFrameworksBuildPhase;
			buildActionMask = 2147483647;
			files = (
				C9DDBE9489177FD09D6EEF5C /* Pods_WeatherstackAppTests.framework in Frameworks */,
			);
			runOnlyForDeploymentPostprocessing = 0;
		};
		97030C192844BF200085EE8F /* Frameworks */ = {
			isa = PBXFrameworksBuildPhase;
			buildActionMask = 2147483647;
			files = (
				72A6ABFEFA82114C53D2974F /* Pods_WeatherstackApp_WeatherstackAppUITests.framework in Frameworks */,
			);
			runOnlyForDeploymentPostprocessing = 0;
		};
/* End PBXFrameworksBuildPhase section */

/* Begin PBXGroup section */
		97030BF02844BF1F0085EE8F = {
			isa = PBXGroup;
			children = (
				97030BFB2844BF1F0085EE8F /* WeatherstackApp */,
				97030C152844BF200085EE8F /* WeatherstackAppTests */,
				97030C1F2844BF200085EE8F /* WeatherstackAppUITests */,
				97030BFA2844BF1F0085EE8F /* Products */,
				E779EB66A16207FCD16AF3F8 /* Pods */,
				BD414E8A4FE6906ED6824D61 /* Frameworks */,
			);
			sourceTree = "<group>";
		};
		97030BFA2844BF1F0085EE8F /* Products */ = {
			isa = PBXGroup;
			children = (
				97030BF92844BF1F0085EE8F /* WeatherstackApp.app */,
				97030C122844BF200085EE8F /* WeatherstackAppTests.xctest */,
				97030C1C2844BF200085EE8F /* WeatherstackAppUITests.xctest */,
			);
			name = Products;
			sourceTree = "<group>";
		};
		97030BFB2844BF1F0085EE8F /* WeatherstackApp */ = {
			isa = PBXGroup;
			children = (
				97030C332844C5BE0085EE8F /* Application */,
				97BA015728478D1D00BB0815 /* Models */,
				97030C342844C5D10085EE8F /* Flows */,
				97030C352844C5E90085EE8F /* Service */,
				97030C362844C5ED0085EE8F /* Styles */,
				97030C372844C5F40085EE8F /* Helpers */,
				97030C382844C5FE0085EE8F /* Resources */,
				97030C392844C6050085EE8F /* Extensions */,
				97030C472844D1120085EE8F /* SupportingFiles */,
				97030C0D2844BF200085EE8F /* Info.plist */,
			);
			path = WeatherstackApp;
			sourceTree = "<group>";
		};
		97030C152844BF200085EE8F /* WeatherstackAppTests */ = {
			isa = PBXGroup;
			children = (
				97BA0170284893B100BB0815 /* FakeData */,
				97BA016F2848938A00BB0815 /* Mocks */,
				97BA016E2848938400BB0815 /* Tests */,
			);
			path = WeatherstackAppTests;
			sourceTree = "<group>";
		};
		97030C1F2844BF200085EE8F /* WeatherstackAppUITests */ = {
			isa = PBXGroup;
			children = (
				97030C202844BF200085EE8F /* WeatherstackAppUITests.swift */,
				97030C222844BF200085EE8F /* WeatherstackAppUITestsLaunchTests.swift */,
			);
			path = WeatherstackAppUITests;
			sourceTree = "<group>";
		};
		97030C332844C5BE0085EE8F /* Application */ = {
			isa = PBXGroup;
			children = (
				97030C3A2844C61E0085EE8F /* Delegates */,
				97030C3F2844CA570085EE8F /* Coordinator */,
			);
			path = Application;
			sourceTree = "<group>";
		};
		97030C342844C5D10085EE8F /* Flows */ = {
			isa = PBXGroup;
			children = (
				97030C462844CD810085EE8F /* Home */,
				97030C4D2844F9560085EE8F /* Weather */,
			);
			path = Flows;
			sourceTree = "<group>";
		};
		97030C352844C5E90085EE8F /* Service */ = {
			isa = PBXGroup;
			children = (
				97030C482844D15C0085EE8F /* Storage */,
				97030C3B2844C6C90085EE8F /* Network */,
			);
			path = Service;
			sourceTree = "<group>";
		};
		97030C362844C5ED0085EE8F /* Styles */ = {
			isa = PBXGroup;
			children = (
				97BA016828488E8200BB0815 /* WSAImages.swift */,
			);
			path = Styles;
			sourceTree = "<group>";
		};
		97030C372844C5F40085EE8F /* Helpers */ = {
			isa = PBXGroup;
			children = (
				97BA016A28488E8F00BB0815 /* Strings.swift */,
			);
			path = Helpers;
			sourceTree = "<group>";
		};
		97030C382844C5FE0085EE8F /* Resources */ = {
			isa = PBXGroup;
			children = (
				97030C082844BF200085EE8F /* Assets.xcassets */,
			);
			path = Resources;
			sourceTree = "<group>";
		};
		97030C392844C6050085EE8F /* Extensions */ = {
			isa = PBXGroup;
			children = (
				97BA016728488E4100BB0815 /* UITextField */,
				97BA016628488E3600BB0815 /* UIView */,
				97BA016528488DD300BB0815 /* UIImageView */,
				97BA016428488DC500BB0815 /* UIViewController */,
			);
			path = Extensions;
			sourceTree = "<group>";
		};
		97030C3A2844C61E0085EE8F /* Delegates */ = {
			isa = PBXGroup;
			children = (
				97030BFC2844BF1F0085EE8F /* AppDelegate.swift */,
				97030BFE2844BF1F0085EE8F /* SceneDelegate.swift */,
			);
			path = Delegates;
			sourceTree = "<group>";
		};
		97030C3B2844C6C90085EE8F /* Network */ = {
			isa = PBXGroup;
			children = (
				97BA016228488D4E00BB0815 /* NetworkProtocol.swift */,
				97F684EC2845254C009AE824 /* NetworkService.swift */,
				97030C312844C06B0085EE8F /* APIKeys.swift */,
			);
			path = Network;
			sourceTree = "<group>";
		};
		97030C3E2844CA4B0085EE8F /* CoordinatorProtocols */ = {
			isa = PBXGroup;
			children = (
				97030C3C2844C9B00085EE8F /* CoordinatorProtocol.swift */,
				97030C402844CA8F0085EE8F /* AppCoordinatorProtocol.swift */,
			);
			path = CoordinatorProtocols;
			sourceTree = "<group>";
		};
		97030C3F2844CA570085EE8F /* Coordinator */ = {
			isa = PBXGroup;
			children = (
				97030C3E2844CA4B0085EE8F /* CoordinatorProtocols */,
				97030C422844CB450085EE8F /* AppCoordinator.swift */,
			);
			path = Coordinator;
			sourceTree = "<group>";
		};
		97030C462844CD810085EE8F /* Home */ = {
			isa = PBXGroup;
			children = (
				97030C442844CC1C0085EE8F /* HomeViewController.swift */,
				97030C502844FA1B0085EE8F /* HomeViewModel.swift */,
			);
			path = Home;
			sourceTree = "<group>";
		};
		97030C472844D1120085EE8F /* SupportingFiles */ = {
			isa = PBXGroup;
			children = (
				97030C0A2844BF200085EE8F /* LaunchScreen.storyboard */,
			);
			path = SupportingFiles;
			sourceTree = "<group>";
		};
		97030C482844D15C0085EE8F /* Storage */ = {
			isa = PBXGroup;
			children = (
				97030C052844BF1F0085EE8F /* WeatherstackApp.xcdatamodeld */,
			);
			path = Storage;
			sourceTree = "<group>";
		};
		97030C4D2844F9560085EE8F /* Weather */ = {
			isa = PBXGroup;
			children = (
				97BA015E284794FF00BB0815 /* Protocols */,
				97BA014A2845F47F00BB0815 /* Cells */,
				97030C4E2844F99A0085EE8F /* WeatherViewController.swift */,
				97030C522844FA2B0085EE8F /* WeatherViewModel.swift */,
			);
			path = Weather;
			sourceTree = "<group>";
		};
		97BA014A2845F47F00BB0815 /* Cells */ = {
			isa = PBXGroup;
			children = (
				97BA014D2845F53800BB0815 /* MainSquareCell.swift */,
			);
			path = Cells;
			sourceTree = "<group>";
		};
		97BA015728478D1D00BB0815 /* Models */ = {
			isa = PBXGroup;
			children = (
				97F684EA284505DF009AE824 /* WeatherInfo.swift */,
				97BA01582847949A00BB0815 /* CurrentInfo.swift */,
				97BA015A284794A600BB0815 /* RequestInfo.swift */,
				97BA015C284794AF00BB0815 /* LocationInfo.swift */,
			);
			path = Models;
			sourceTree = "<group>";
		};
		97BA015E284794FF00BB0815 /* Protocols */ = {
			isa = PBXGroup;
			children = (
				97BA015F2847951F00BB0815 /* WeatherViewModelProtocols.swift */,
			);
			path = Protocols;
			sourceTree = "<group>";
		};
		97BA016428488DC500BB0815 /* UIViewController */ = {
			isa = PBXGroup;
			children = (
				97BA01532846749A00BB0815 /* Alert.swift */,
			);
			path = UIViewController;
			sourceTree = "<group>";
		};
		97BA016528488DD300BB0815 /* UIImageView */ = {
			isa = PBXGroup;
			children = (
				97BA01512845FAB400BB0815 /* LoadImage.swift */,
			);
			path = UIImageView;
			sourceTree = "<group>";
		};
		97BA016628488E3600BB0815 /* UIView */ = {
			isa = PBXGroup;
			children = (
				97030C492844F4670085EE8F /* CornerRadius.swift */,
			);
			path = UIView;
			sourceTree = "<group>";
		};
		97BA016728488E4100BB0815 /* UITextField */ = {
			isa = PBXGroup;
			children = (
				97030C4B2844F7A50085EE8F /* AddDoneButtonToKeyboard.swift */,
			);
			path = UITextField;
			sourceTree = "<group>";
		};
		97BA016D2848936800BB0815 /* API */ = {
			isa = PBXGroup;
			children = (
				97BA017C284899D800BB0815 /* APITests.swift */,
			);
			path = API;
			sourceTree = "<group>";
		};
		97BA016E2848938400BB0815 /* Tests */ = {
			isa = PBXGroup;
			children = (
				97BA0171284893CE00BB0815 /* ViewModels */,
				97BA016D2848936800BB0815 /* API */,
			);
			path = Tests;
			sourceTree = "<group>";
		};
		97BA016F2848938A00BB0815 /* Mocks */ = {
			isa = PBXGroup;
			children = (
				97BA01722848940300BB0815 /* CoordinatorMock.swift */,
				97BA01742848954000BB0815 /* URLProtocolMock.swift */,
				97BA017E28489DA300BB0815 /* NetworkRequestsMock.swift */,
			);
			path = Mocks;
			sourceTree = "<group>";
		};
		97BA0170284893B100BB0815 /* FakeData */ = {
			isa = PBXGroup;
			children = (
				97BA01782848961B00BB0815 /* Weatherstack.json */,
				97BA017A2848966200BB0815 /* FakeData.swift */,
			);
			path = FakeData;
			sourceTree = "<group>";
		};
		97BA0171284893CE00BB0815 /* ViewModels */ = {
			isa = PBXGroup;
			children = (
				97030C162844BF200085EE8F /* WeatherViewModelTests.swift */,
			);
			path = ViewModels;
			sourceTree = "<group>";
		};
		BD414E8A4FE6906ED6824D61 /* Frameworks */ = {
			isa = PBXGroup;
			children = (
				9BA2676FABE2374D27E2E05B /* Pods_WeatherstackApp.framework */,
				C78771E2C74040E8645BD9FA /* Pods_WeatherstackApp_WeatherstackAppUITests.framework */,
				351E4905C75552DE90F49794 /* Pods_WeatherstackAppTests.framework */,
			);
			name = Frameworks;
			sourceTree = "<group>";
		};
		E779EB66A16207FCD16AF3F8 /* Pods */ = {
			isa = PBXGroup;
			children = (
				D44F0909746203D97086AAF7 /* Pods-WeatherstackApp.debug.xcconfig */,
				329C228D03FD36D23A42DB67 /* Pods-WeatherstackApp.release.xcconfig */,
				64CAFFA061D42E86BBF7E663 /* Pods-WeatherstackApp-WeatherstackAppUITests.debug.xcconfig */,
				2961A05915BE5664285FDBD2 /* Pods-WeatherstackApp-WeatherstackAppUITests.release.xcconfig */,
				37DDD90928361283437149C6 /* Pods-WeatherstackAppTests.debug.xcconfig */,
				70039DAD016993F4DE972DF8 /* Pods-WeatherstackAppTests.release.xcconfig */,
			);
			path = Pods;
			sourceTree = "<group>";
		};
/* End PBXGroup section */

/* Begin PBXNativeTarget section */
		97030BF82844BF1F0085EE8F /* WeatherstackApp */ = {
			isa = PBXNativeTarget;
			buildConfigurationList = 97030C262844BF200085EE8F /* Build configuration list for PBXNativeTarget "WeatherstackApp" */;
			buildPhases = (
				0498A31D66FE020ED83ED624 /* [CP] Check Pods Manifest.lock */,
				97030BF52844BF1F0085EE8F /* Sources */,
				97030BF62844BF1F0085EE8F /* Frameworks */,
				97030BF72844BF1F0085EE8F /* Resources */,
				E650035685CA4B16950BE699 /* [CP] Embed Pods Frameworks */,
			);
			buildRules = (
			);
			dependencies = (
			);
			name = WeatherstackApp;
			productName = WeatherstackApp;
			productReference = 97030BF92844BF1F0085EE8F /* WeatherstackApp.app */;
			productType = "com.apple.product-type.application";
		};
		97030C112844BF200085EE8F /* WeatherstackAppTests */ = {
			isa = PBXNativeTarget;
			buildConfigurationList = 97030C292844BF200085EE8F /* Build configuration list for PBXNativeTarget "WeatherstackAppTests" */;
			buildPhases = (
				B9009847F81AF5A1A49C3694 /* [CP] Check Pods Manifest.lock */,
				97030C0E2844BF200085EE8F /* Sources */,
				97030C0F2844BF200085EE8F /* Frameworks */,
				97030C102844BF200085EE8F /* Resources */,
			);
			buildRules = (
			);
			dependencies = (
				97030C142844BF200085EE8F /* PBXTargetDependency */,
			);
			name = WeatherstackAppTests;
			productName = WeatherstackAppTests;
			productReference = 97030C122844BF200085EE8F /* WeatherstackAppTests.xctest */;
			productType = "com.apple.product-type.bundle.unit-test";
		};
		97030C1B2844BF200085EE8F /* WeatherstackAppUITests */ = {
			isa = PBXNativeTarget;
			buildConfigurationList = 97030C2C2844BF200085EE8F /* Build configuration list for PBXNativeTarget "WeatherstackAppUITests" */;
			buildPhases = (
				5F6B2C60408D4243E373EA1E /* [CP] Check Pods Manifest.lock */,
				97030C182844BF200085EE8F /* Sources */,
				97030C192844BF200085EE8F /* Frameworks */,
				97030C1A2844BF200085EE8F /* Resources */,
				A7C07A397B6B52894FCEDD07 /* [CP] Embed Pods Frameworks */,
			);
			buildRules = (
			);
			dependencies = (
				97030C1E2844BF200085EE8F /* PBXTargetDependency */,
			);
			name = WeatherstackAppUITests;
			productName = WeatherstackAppUITests;
			productReference = 97030C1C2844BF200085EE8F /* WeatherstackAppUITests.xctest */;
			productType = "com.apple.product-type.bundle.ui-testing";
		};
/* End PBXNativeTarget section */

/* Begin PBXProject section */
		97030BF12844BF1F0085EE8F /* Project object */ = {
			isa = PBXProject;
			attributes = {
				BuildIndependentTargetsInParallel = 1;
				LastSwiftUpdateCheck = 1330;
				LastUpgradeCheck = 1330;
				TargetAttributes = {
					97030BF82844BF1F0085EE8F = {
						CreatedOnToolsVersion = 13.3.1;
					};
					97030C112844BF200085EE8F = {
						CreatedOnToolsVersion = 13.3.1;
						TestTargetID = 97030BF82844BF1F0085EE8F;
					};
					97030C1B2844BF200085EE8F = {
						CreatedOnToolsVersion = 13.3.1;
						TestTargetID = 97030BF82844BF1F0085EE8F;
					};
				};
			};
			buildConfigurationList = 97030BF42844BF1F0085EE8F /* Build configuration list for PBXProject "WeatherstackApp" */;
			compatibilityVersion = "Xcode 13.0";
			developmentRegion = en;
			hasScannedForEncodings = 0;
			knownRegions = (
				en,
				Base,
			);
			mainGroup = 97030BF02844BF1F0085EE8F;
			productRefGroup = 97030BFA2844BF1F0085EE8F /* Products */;
			projectDirPath = "";
			projectRoot = "";
			targets = (
				97030BF82844BF1F0085EE8F /* WeatherstackApp */,
				97030C112844BF200085EE8F /* WeatherstackAppTests */,
				97030C1B2844BF200085EE8F /* WeatherstackAppUITests */,
			);
		};
/* End PBXProject section */

/* Begin PBXResourcesBuildPhase section */
		97030BF72844BF1F0085EE8F /* Resources */ = {
			isa = PBXResourcesBuildPhase;
			buildActionMask = 2147483647;
			files = (
				97030C0C2844BF200085EE8F /* LaunchScreen.storyboard in Resources */,
				97030C092844BF200085EE8F /* Assets.xcassets in Resources */,
			);
			runOnlyForDeploymentPostprocessing = 0;
		};
		97030C102844BF200085EE8F /* Resources */ = {
			isa = PBXResourcesBuildPhase;
			buildActionMask = 2147483647;
			files = (
				97BA01792848961B00BB0815 /* Weatherstack.json in Resources */,
			);
			runOnlyForDeploymentPostprocessing = 0;
		};
		97030C1A2844BF200085EE8F /* Resources */ = {
			isa = PBXResourcesBuildPhase;
			buildActionMask = 2147483647;
			files = (
			);
			runOnlyForDeploymentPostprocessing = 0;
		};
/* End PBXResourcesBuildPhase section */

/* Begin PBXShellScriptBuildPhase section */
		0498A31D66FE020ED83ED624 /* [CP] Check Pods Manifest.lock */ = {
			isa = PBXShellScriptBuildPhase;
			buildActionMask = 2147483647;
			files = (
			);
			inputFileListPaths = (
			);
			inputPaths = (
				"${PODS_PODFILE_DIR_PATH}/Podfile.lock",
				"${PODS_ROOT}/Manifest.lock",
			);
			name = "[CP] Check Pods Manifest.lock";
			outputFileListPaths = (
			);
			outputPaths = (
				"$(DERIVED_FILE_DIR)/Pods-WeatherstackApp-checkManifestLockResult.txt",
			);
			runOnlyForDeploymentPostprocessing = 0;
			shellPath = /bin/sh;
			shellScript = "diff \"${PODS_PODFILE_DIR_PATH}/Podfile.lock\" \"${PODS_ROOT}/Manifest.lock\" > /dev/null\nif [ $? != 0 ] ; then\n    # print error to STDERR\n    echo \"error: The sandbox is not in sync with the Podfile.lock. Run 'pod install' or update your CocoaPods installation.\" >&2\n    exit 1\nfi\n# This output is used by Xcode 'outputs' to avoid re-running this script phase.\necho \"SUCCESS\" > \"${SCRIPT_OUTPUT_FILE_0}\"\n";
			showEnvVarsInLog = 0;
		};
		5F6B2C60408D4243E373EA1E /* [CP] Check Pods Manifest.lock */ = {
			isa = PBXShellScriptBuildPhase;
			buildActionMask = 2147483647;
			files = (
			);
			inputFileListPaths = (
			);
			inputPaths = (
				"${PODS_PODFILE_DIR_PATH}/Podfile.lock",
				"${PODS_ROOT}/Manifest.lock",
			);
			name = "[CP] Check Pods Manifest.lock";
			outputFileListPaths = (
			);
			outputPaths = (
				"$(DERIVED_FILE_DIR)/Pods-WeatherstackApp-WeatherstackAppUITests-checkManifestLockResult.txt",
			);
			runOnlyForDeploymentPostprocessing = 0;
			shellPath = /bin/sh;
			shellScript = "diff \"${PODS_PODFILE_DIR_PATH}/Podfile.lock\" \"${PODS_ROOT}/Manifest.lock\" > /dev/null\nif [ $? != 0 ] ; then\n    # print error to STDERR\n    echo \"error: The sandbox is not in sync with the Podfile.lock. Run 'pod install' or update your CocoaPods installation.\" >&2\n    exit 1\nfi\n# This output is used by Xcode 'outputs' to avoid re-running this script phase.\necho \"SUCCESS\" > \"${SCRIPT_OUTPUT_FILE_0}\"\n";
			showEnvVarsInLog = 0;
		};
		A7C07A397B6B52894FCEDD07 /* [CP] Embed Pods Frameworks */ = {
			isa = PBXShellScriptBuildPhase;
			buildActionMask = 2147483647;
			files = (
			);
			inputFileListPaths = (
				"${PODS_ROOT}/Target Support Files/Pods-WeatherstackApp-WeatherstackAppUITests/Pods-WeatherstackApp-WeatherstackAppUITests-frameworks-${CONFIGURATION}-input-files.xcfilelist",
			);
			name = "[CP] Embed Pods Frameworks";
			outputFileListPaths = (
				"${PODS_ROOT}/Target Support Files/Pods-WeatherstackApp-WeatherstackAppUITests/Pods-WeatherstackApp-WeatherstackAppUITests-frameworks-${CONFIGURATION}-output-files.xcfilelist",
			);
			runOnlyForDeploymentPostprocessing = 0;
			shellPath = /bin/sh;
			shellScript = "\"${PODS_ROOT}/Target Support Files/Pods-WeatherstackApp-WeatherstackAppUITests/Pods-WeatherstackApp-WeatherstackAppUITests-frameworks.sh\"\n";
			showEnvVarsInLog = 0;
		};
		B9009847F81AF5A1A49C3694 /* [CP] Check Pods Manifest.lock */ = {
			isa = PBXShellScriptBuildPhase;
			buildActionMask = 2147483647;
			files = (
			);
			inputFileListPaths = (
			);
			inputPaths = (
				"${PODS_PODFILE_DIR_PATH}/Podfile.lock",
				"${PODS_ROOT}/Manifest.lock",
			);
			name = "[CP] Check Pods Manifest.lock";
			outputFileListPaths = (
			);
			outputPaths = (
				"$(DERIVED_FILE_DIR)/Pods-WeatherstackAppTests-checkManifestLockResult.txt",
			);
			runOnlyForDeploymentPostprocessing = 0;
			shellPath = /bin/sh;
			shellScript = "diff \"${PODS_PODFILE_DIR_PATH}/Podfile.lock\" \"${PODS_ROOT}/Manifest.lock\" > /dev/null\nif [ $? != 0 ] ; then\n    # print error to STDERR\n    echo \"error: The sandbox is not in sync with the Podfile.lock. Run 'pod install' or update your CocoaPods installation.\" >&2\n    exit 1\nfi\n# This output is used by Xcode 'outputs' to avoid re-running this script phase.\necho \"SUCCESS\" > \"${SCRIPT_OUTPUT_FILE_0}\"\n";
			showEnvVarsInLog = 0;
		};
		E650035685CA4B16950BE699 /* [CP] Embed Pods Frameworks */ = {
			isa = PBXShellScriptBuildPhase;
			buildActionMask = 2147483647;
			files = (
			);
			inputFileListPaths = (
				"${PODS_ROOT}/Target Support Files/Pods-WeatherstackApp/Pods-WeatherstackApp-frameworks-${CONFIGURATION}-input-files.xcfilelist",
			);
			name = "[CP] Embed Pods Frameworks";
			outputFileListPaths = (
				"${PODS_ROOT}/Target Support Files/Pods-WeatherstackApp/Pods-WeatherstackApp-frameworks-${CONFIGURATION}-output-files.xcfilelist",
			);
			runOnlyForDeploymentPostprocessing = 0;
			shellPath = /bin/sh;
			shellScript = "\"${PODS_ROOT}/Target Support Files/Pods-WeatherstackApp/Pods-WeatherstackApp-frameworks.sh\"\n";
			showEnvVarsInLog = 0;
		};
/* End PBXShellScriptBuildPhase section */

/* Begin PBXSourcesBuildPhase section */
		97030BF52844BF1F0085EE8F /* Sources */ = {
			isa = PBXSourcesBuildPhase;
			buildActionMask = 2147483647;
			files = (
				97F684EB284505DF009AE824 /* WeatherInfo.swift in Sources */,
				97030C322844C06B0085EE8F /* APIKeys.swift in Sources */,
				97030C532844FA2B0085EE8F /* WeatherViewModel.swift in Sources */,
				97030C3D2844C9B00085EE8F /* CoordinatorProtocol.swift in Sources */,
				97030BFD2844BF1F0085EE8F /* AppDelegate.swift in Sources */,
				97BA01602847951F00BB0815 /* WeatherViewModelProtocols.swift in Sources */,
				97030C432844CB450085EE8F /* AppCoordinator.swift in Sources */,
				97BA016B28488E8F00BB0815 /* Strings.swift in Sources */,
				97BA016328488D4E00BB0815 /* NetworkProtocol.swift in Sources */,
				97030C452844CC1C0085EE8F /* HomeViewController.swift in Sources */,
				97030BFF2844BF1F0085EE8F /* SceneDelegate.swift in Sources */,
				97030C072844BF1F0085EE8F /* WeatherstackApp.xcdatamodeld in Sources */,
				97BA016928488E8200BB0815 /* WSAImages.swift in Sources */,
				97030C512844FA1B0085EE8F /* HomeViewModel.swift in Sources */,
				97BA01522845FAB400BB0815 /* LoadImage.swift in Sources */,
				97F684ED2845254C009AE824 /* NetworkService.swift in Sources */,
				97BA01592847949A00BB0815 /* CurrentInfo.swift in Sources */,
				97030C4C2844F7A60085EE8F /* AddDoneButtonToKeyboard.swift in Sources */,
				97030C412844CA8F0085EE8F /* AppCoordinatorProtocol.swift in Sources */,
				97BA014E2845F53800BB0815 /* MainSquareCell.swift in Sources */,
				97030C4A2844F4670085EE8F /* CornerRadius.swift in Sources */,
				97BA015D284794AF00BB0815 /* LocationInfo.swift in Sources */,
				97BA015B284794A600BB0815 /* RequestInfo.swift in Sources */,
				97BA01542846749A00BB0815 /* Alert.swift in Sources */,
				97030C4F2844F99A0085EE8F /* WeatherViewController.swift in Sources */,
			);
			runOnlyForDeploymentPostprocessing = 0;
		};
		97030C0E2844BF200085EE8F /* Sources */ = {
			isa = PBXSourcesBuildPhase;
			buildActionMask = 2147483647;
			files = (
				97BA01732848940300BB0815 /* CoordinatorMock.swift in Sources */,
				97BA01752848954000BB0815 /* URLProtocolMock.swift in Sources */,
				97BA017F28489DA300BB0815 /* NetworkRequestsMock.swift in Sources */,
				97BA017B2848966200BB0815 /* FakeData.swift in Sources */,
				97030C172844BF200085EE8F /* WeatherViewModelTests.swift in Sources */,
				97BA017D284899D800BB0815 /* APITests.swift in Sources */,
			);
			runOnlyForDeploymentPostprocessing = 0;
		};
		97030C182844BF200085EE8F /* Sources */ = {
			isa = PBXSourcesBuildPhase;
			buildActionMask = 2147483647;
			files = (
				97030C232844BF200085EE8F /* WeatherstackAppUITestsLaunchTests.swift in Sources */,
				97030C212844BF200085EE8F /* WeatherstackAppUITests.swift in Sources */,
			);
			runOnlyForDeploymentPostprocessing = 0;
		};
/* End PBXSourcesBuildPhase section */

/* Begin PBXTargetDependency section */
		97030C142844BF200085EE8F /* PBXTargetDependency */ = {
			isa = PBXTargetDependency;
			target = 97030BF82844BF1F0085EE8F /* WeatherstackApp */;
			targetProxy = 97030C132844BF200085EE8F /* PBXContainerItemProxy */;
		};
		97030C1E2844BF200085EE8F /* PBXTargetDependency */ = {
			isa = PBXTargetDependency;
			target = 97030BF82844BF1F0085EE8F /* WeatherstackApp */;
			targetProxy = 97030C1D2844BF200085EE8F /* PBXContainerItemProxy */;
		};
/* End PBXTargetDependency section */

/* Begin PBXVariantGroup section */
		97030C0A2844BF200085EE8F /* LaunchScreen.storyboard */ = {
			isa = PBXVariantGroup;
			children = (
				97030C0B2844BF200085EE8F /* Base */,
			);
			name = LaunchScreen.storyboard;
			sourceTree = "<group>";
		};
/* End PBXVariantGroup section */

/* Begin XCBuildConfiguration section */
		97030C242844BF200085EE8F /* Debug */ = {
			isa = XCBuildConfiguration;
			buildSettings = {
				ALWAYS_SEARCH_USER_PATHS = NO;
				CLANG_ANALYZER_NONNULL = YES;
				CLANG_ANALYZER_NUMBER_OBJECT_CONVERSION = YES_AGGRESSIVE;
				CLANG_CXX_LANGUAGE_STANDARD = "gnu++17";
				CLANG_ENABLE_MODULES = YES;
				CLANG_ENABLE_OBJC_ARC = YES;
				CLANG_ENABLE_OBJC_WEAK = YES;
				CLANG_WARN_BLOCK_CAPTURE_AUTORELEASING = YES;
				CLANG_WARN_BOOL_CONVERSION = YES;
				CLANG_WARN_COMMA = YES;
				CLANG_WARN_CONSTANT_CONVERSION = YES;
				CLANG_WARN_DEPRECATED_OBJC_IMPLEMENTATIONS = YES;
				CLANG_WARN_DIRECT_OBJC_ISA_USAGE = YES_ERROR;
				CLANG_WARN_DOCUMENTATION_COMMENTS = YES;
				CLANG_WARN_EMPTY_BODY = YES;
				CLANG_WARN_ENUM_CONVERSION = YES;
				CLANG_WARN_INFINITE_RECURSION = YES;
				CLANG_WARN_INT_CONVERSION = YES;
				CLANG_WARN_NON_LITERAL_NULL_CONVERSION = YES;
				CLANG_WARN_OBJC_IMPLICIT_RETAIN_SELF = YES;
				CLANG_WARN_OBJC_LITERAL_CONVERSION = YES;
				CLANG_WARN_OBJC_ROOT_CLASS = YES_ERROR;
				CLANG_WARN_QUOTED_INCLUDE_IN_FRAMEWORK_HEADER = YES;
				CLANG_WARN_RANGE_LOOP_ANALYSIS = YES;
				CLANG_WARN_STRICT_PROTOTYPES = YES;
				CLANG_WARN_SUSPICIOUS_MOVE = YES;
				CLANG_WARN_UNGUARDED_AVAILABILITY = YES_AGGRESSIVE;
				CLANG_WARN_UNREACHABLE_CODE = YES;
				CLANG_WARN__DUPLICATE_METHOD_MATCH = YES;
				COPY_PHASE_STRIP = NO;
				DEBUG_INFORMATION_FORMAT = dwarf;
				ENABLE_STRICT_OBJC_MSGSEND = YES;
				ENABLE_TESTABILITY = YES;
				GCC_C_LANGUAGE_STANDARD = gnu11;
				GCC_DYNAMIC_NO_PIC = NO;
				GCC_NO_COMMON_BLOCKS = YES;
				GCC_OPTIMIZATION_LEVEL = 0;
				GCC_PREPROCESSOR_DEFINITIONS = (
					"DEBUG=1",
					"$(inherited)",
				);
				GCC_WARN_64_TO_32_BIT_CONVERSION = YES;
				GCC_WARN_ABOUT_RETURN_TYPE = YES_ERROR;
				GCC_WARN_UNDECLARED_SELECTOR = YES;
				GCC_WARN_UNINITIALIZED_AUTOS = YES_AGGRESSIVE;
				GCC_WARN_UNUSED_FUNCTION = YES;
				GCC_WARN_UNUSED_VARIABLE = YES;
				IPHONEOS_DEPLOYMENT_TARGET = 15.4;
				MTL_ENABLE_DEBUG_INFO = INCLUDE_SOURCE;
				MTL_FAST_MATH = YES;
				ONLY_ACTIVE_ARCH = YES;
				SDKROOT = iphoneos;
				SWIFT_ACTIVE_COMPILATION_CONDITIONS = DEBUG;
				SWIFT_OPTIMIZATION_LEVEL = "-Onone";
			};
			name = Debug;
		};
		97030C252844BF200085EE8F /* Release */ = {
			isa = XCBuildConfiguration;
			buildSettings = {
				ALWAYS_SEARCH_USER_PATHS = NO;
				CLANG_ANALYZER_NONNULL = YES;
				CLANG_ANALYZER_NUMBER_OBJECT_CONVERSION = YES_AGGRESSIVE;
				CLANG_CXX_LANGUAGE_STANDARD = "gnu++17";
				CLANG_ENABLE_MODULES = YES;
				CLANG_ENABLE_OBJC_ARC = YES;
				CLANG_ENABLE_OBJC_WEAK = YES;
				CLANG_WARN_BLOCK_CAPTURE_AUTORELEASING = YES;
				CLANG_WARN_BOOL_CONVERSION = YES;
				CLANG_WARN_COMMA = YES;
				CLANG_WARN_CONSTANT_CONVERSION = YES;
				CLANG_WARN_DEPRECATED_OBJC_IMPLEMENTATIONS = YES;
				CLANG_WARN_DIRECT_OBJC_ISA_USAGE = YES_ERROR;
				CLANG_WARN_DOCUMENTATION_COMMENTS = YES;
				CLANG_WARN_EMPTY_BODY = YES;
				CLANG_WARN_ENUM_CONVERSION = YES;
				CLANG_WARN_INFINITE_RECURSION = YES;
				CLANG_WARN_INT_CONVERSION = YES;
				CLANG_WARN_NON_LITERAL_NULL_CONVERSION = YES;
				CLANG_WARN_OBJC_IMPLICIT_RETAIN_SELF = YES;
				CLANG_WARN_OBJC_LITERAL_CONVERSION = YES;
				CLANG_WARN_OBJC_ROOT_CLASS = YES_ERROR;
				CLANG_WARN_QUOTED_INCLUDE_IN_FRAMEWORK_HEADER = YES;
				CLANG_WARN_RANGE_LOOP_ANALYSIS = YES;
				CLANG_WARN_STRICT_PROTOTYPES = YES;
				CLANG_WARN_SUSPICIOUS_MOVE = YES;
				CLANG_WARN_UNGUARDED_AVAILABILITY = YES_AGGRESSIVE;
				CLANG_WARN_UNREACHABLE_CODE = YES;
				CLANG_WARN__DUPLICATE_METHOD_MATCH = YES;
				COPY_PHASE_STRIP = NO;
				DEBUG_INFORMATION_FORMAT = "dwarf-with-dsym";
				ENABLE_NS_ASSERTIONS = NO;
				ENABLE_STRICT_OBJC_MSGSEND = YES;
				GCC_C_LANGUAGE_STANDARD = gnu11;
				GCC_NO_COMMON_BLOCKS = YES;
				GCC_WARN_64_TO_32_BIT_CONVERSION = YES;
				GCC_WARN_ABOUT_RETURN_TYPE = YES_ERROR;
				GCC_WARN_UNDECLARED_SELECTOR = YES;
				GCC_WARN_UNINITIALIZED_AUTOS = YES_AGGRESSIVE;
				GCC_WARN_UNUSED_FUNCTION = YES;
				GCC_WARN_UNUSED_VARIABLE = YES;
				IPHONEOS_DEPLOYMENT_TARGET = 15.4;
				MTL_ENABLE_DEBUG_INFO = NO;
				MTL_FAST_MATH = YES;
				SDKROOT = iphoneos;
				SWIFT_COMPILATION_MODE = wholemodule;
				SWIFT_OPTIMIZATION_LEVEL = "-O";
				VALIDATE_PRODUCT = YES;
			};
			name = Release;
		};
		97030C272844BF200085EE8F /* Debug */ = {
			isa = XCBuildConfiguration;
			baseConfigurationReference = D44F0909746203D97086AAF7 /* Pods-WeatherstackApp.debug.xcconfig */;
			buildSettings = {
				ASSETCATALOG_COMPILER_APPICON_NAME = AppIcon;
				ASSETCATALOG_COMPILER_GLOBAL_ACCENT_COLOR_NAME = AccentColor;
				CODE_SIGN_STYLE = Automatic;
				CURRENT_PROJECT_VERSION = 1;
				DEVELOPMENT_TEAM = T4959W6459;
				GENERATE_INFOPLIST_FILE = YES;
				INFOPLIST_FILE = WeatherstackApp/Info.plist;
				INFOPLIST_KEY_UIApplicationSupportsIndirectInputEvents = YES;
				INFOPLIST_KEY_UILaunchStoryboardName = LaunchScreen;
				INFOPLIST_KEY_UISupportedInterfaceOrientations_iPad = "UIInterfaceOrientationPortrait UIInterfaceOrientationPortraitUpsideDown UIInterfaceOrientationLandscapeLeft UIInterfaceOrientationLandscapeRight";
				INFOPLIST_KEY_UISupportedInterfaceOrientations_iPhone = "UIInterfaceOrientationPortrait UIInterfaceOrientationLandscapeLeft UIInterfaceOrientationLandscapeRight";
				LD_RUNPATH_SEARCH_PATHS = (
					"$(inherited)",
					"@executable_path/Frameworks",
				);
				MARKETING_VERSION = 1.0;
				PRODUCT_BUNDLE_IDENTIFIER = fr.ianisrichardier.WeatherstackApp;
				PRODUCT_NAME = "$(TARGET_NAME)";
				SWIFT_EMIT_LOC_STRINGS = YES;
				SWIFT_VERSION = 5.0;
				TARGETED_DEVICE_FAMILY = 1;
			};
			name = Debug;
		};
		97030C282844BF200085EE8F /* Release */ = {
			isa = XCBuildConfiguration;
			baseConfigurationReference = 329C228D03FD36D23A42DB67 /* Pods-WeatherstackApp.release.xcconfig */;
			buildSettings = {
				ASSETCATALOG_COMPILER_APPICON_NAME = AppIcon;
				ASSETCATALOG_COMPILER_GLOBAL_ACCENT_COLOR_NAME = AccentColor;
				CODE_SIGN_STYLE = Automatic;
				CURRENT_PROJECT_VERSION = 1;
				DEVELOPMENT_TEAM = T4959W6459;
				GENERATE_INFOPLIST_FILE = YES;
				INFOPLIST_FILE = WeatherstackApp/Info.plist;
				INFOPLIST_KEY_UIApplicationSupportsIndirectInputEvents = YES;
				INFOPLIST_KEY_UILaunchStoryboardName = LaunchScreen;
				INFOPLIST_KEY_UISupportedInterfaceOrientations_iPad = "UIInterfaceOrientationPortrait UIInterfaceOrientationPortraitUpsideDown UIInterfaceOrientationLandscapeLeft UIInterfaceOrientationLandscapeRight";
				INFOPLIST_KEY_UISupportedInterfaceOrientations_iPhone = "UIInterfaceOrientationPortrait UIInterfaceOrientationLandscapeLeft UIInterfaceOrientationLandscapeRight";
				LD_RUNPATH_SEARCH_PATHS = (
					"$(inherited)",
					"@executable_path/Frameworks",
				);
				MARKETING_VERSION = 1.0;
				PRODUCT_BUNDLE_IDENTIFIER = fr.ianisrichardier.WeatherstackApp;
				PRODUCT_NAME = "$(TARGET_NAME)";
				SWIFT_EMIT_LOC_STRINGS = YES;
				SWIFT_VERSION = 5.0;
				TARGETED_DEVICE_FAMILY = 1;
			};
			name = Release;
		};
		97030C2A2844BF200085EE8F /* Debug */ = {
			isa = XCBuildConfiguration;
			baseConfigurationReference = 37DDD90928361283437149C6 /* Pods-WeatherstackAppTests.debug.xcconfig */;
			buildSettings = {
				ALWAYS_EMBED_SWIFT_STANDARD_LIBRARIES = YES;
				BUNDLE_LOADER = "$(TEST_HOST)";
				CODE_SIGN_STYLE = Automatic;
				CURRENT_PROJECT_VERSION = 1;
				DEVELOPMENT_TEAM = T4959W6459;
				GENERATE_INFOPLIST_FILE = YES;
				IPHONEOS_DEPLOYMENT_TARGET = 15.4;
				MARKETING_VERSION = 1.0;
				PRODUCT_BUNDLE_IDENTIFIER = fr.ianisrichardier.WeatherstackAppTests;
				PRODUCT_NAME = "$(TARGET_NAME)";
				SWIFT_EMIT_LOC_STRINGS = NO;
				SWIFT_VERSION = 5.0;
				TARGETED_DEVICE_FAMILY = "1,2";
				TEST_HOST = "$(BUILT_PRODUCTS_DIR)/WeatherstackApp.app/WeatherstackApp";
			};
			name = Debug;
		};
		97030C2B2844BF200085EE8F /* Release */ = {
			isa = XCBuildConfiguration;
			baseConfigurationReference = 70039DAD016993F4DE972DF8 /* Pods-WeatherstackAppTests.release.xcconfig */;
			buildSettings = {
				ALWAYS_EMBED_SWIFT_STANDARD_LIBRARIES = YES;
				BUNDLE_LOADER = "$(TEST_HOST)";
				CODE_SIGN_STYLE = Automatic;
				CURRENT_PROJECT_VERSION = 1;
				DEVELOPMENT_TEAM = T4959W6459;
				GENERATE_INFOPLIST_FILE = YES;
				IPHONEOS_DEPLOYMENT_TARGET = 15.4;
				MARKETING_VERSION = 1.0;
				PRODUCT_BUNDLE_IDENTIFIER = fr.ianisrichardier.WeatherstackAppTests;
				PRODUCT_NAME = "$(TARGET_NAME)";
				SWIFT_EMIT_LOC_STRINGS = NO;
				SWIFT_VERSION = 5.0;
				TARGETED_DEVICE_FAMILY = "1,2";
				TEST_HOST = "$(BUILT_PRODUCTS_DIR)/WeatherstackApp.app/WeatherstackApp";
			};
			name = Release;
		};
		97030C2D2844BF200085EE8F /* Debug */ = {
			isa = XCBuildConfiguration;
			baseConfigurationReference = 64CAFFA061D42E86BBF7E663 /* Pods-WeatherstackApp-WeatherstackAppUITests.debug.xcconfig */;
			buildSettings = {
				ALWAYS_EMBED_SWIFT_STANDARD_LIBRARIES = YES;
				CODE_SIGN_STYLE = Automatic;
				CURRENT_PROJECT_VERSION = 1;
				DEVELOPMENT_TEAM = T4959W6459;
				GENERATE_INFOPLIST_FILE = YES;
				MARKETING_VERSION = 1.0;
				PRODUCT_BUNDLE_IDENTIFIER = fr.ianisrichardier.WeatherstackAppUITests;
				PRODUCT_NAME = "$(TARGET_NAME)";
				SWIFT_EMIT_LOC_STRINGS = NO;
				SWIFT_VERSION = 5.0;
				TARGETED_DEVICE_FAMILY = "1,2";
				TEST_TARGET_NAME = WeatherstackApp;
			};
			name = Debug;
		};
		97030C2E2844BF200085EE8F /* Release */ = {
			isa = XCBuildConfiguration;
			baseConfigurationReference = 2961A05915BE5664285FDBD2 /* Pods-WeatherstackApp-WeatherstackAppUITests.release.xcconfig */;
			buildSettings = {
				ALWAYS_EMBED_SWIFT_STANDARD_LIBRARIES = YES;
				CODE_SIGN_STYLE = Automatic;
				CURRENT_PROJECT_VERSION = 1;
				DEVELOPMENT_TEAM = T4959W6459;
				GENERATE_INFOPLIST_FILE = YES;
				MARKETING_VERSION = 1.0;
				PRODUCT_BUNDLE_IDENTIFIER = fr.ianisrichardier.WeatherstackAppUITests;
				PRODUCT_NAME = "$(TARGET_NAME)";
				SWIFT_EMIT_LOC_STRINGS = NO;
				SWIFT_VERSION = 5.0;
				TARGETED_DEVICE_FAMILY = "1,2";
				TEST_TARGET_NAME = WeatherstackApp;
			};
			name = Release;
		};
/* End XCBuildConfiguration section */

/* Begin XCConfigurationList section */
		97030BF42844BF1F0085EE8F /* Build configuration list for PBXProject "WeatherstackApp" */ = {
			isa = XCConfigurationList;
			buildConfigurations = (
				97030C242844BF200085EE8F /* Debug */,
				97030C252844BF200085EE8F /* Release */,
			);
			defaultConfigurationIsVisible = 0;
			defaultConfigurationName = Release;
		};
		97030C262844BF200085EE8F /* Build configuration list for PBXNativeTarget "WeatherstackApp" */ = {
			isa = XCConfigurationList;
			buildConfigurations = (
				97030C272844BF200085EE8F /* Debug */,
				97030C282844BF200085EE8F /* Release */,
			);
			defaultConfigurationIsVisible = 0;
			defaultConfigurationName = Release;
		};
		97030C292844BF200085EE8F /* Build configuration list for PBXNativeTarget "WeatherstackAppTests" */ = {
			isa = XCConfigurationList;
			buildConfigurations = (
				97030C2A2844BF200085EE8F /* Debug */,
				97030C2B2844BF200085EE8F /* Release */,
			);
			defaultConfigurationIsVisible = 0;
			defaultConfigurationName = Release;
		};
		97030C2C2844BF200085EE8F /* Build configuration list for PBXNativeTarget "WeatherstackAppUITests" */ = {
			isa = XCConfigurationList;
			buildConfigurations = (
				97030C2D2844BF200085EE8F /* Debug */,
				97030C2E2844BF200085EE8F /* Release */,
			);
			defaultConfigurationIsVisible = 0;
			defaultConfigurationName = Release;
		};
/* End XCConfigurationList section */

/* Begin XCVersionGroup section */
		97030C052844BF1F0085EE8F /* WeatherstackApp.xcdatamodeld */ = {
			isa = XCVersionGroup;
			children = (
				97030C062844BF1F0085EE8F /* WeatherstackApp.xcdatamodel */,
			);
			currentVersion = 97030C062844BF1F0085EE8F /* WeatherstackApp.xcdatamodel */;
			path = WeatherstackApp.xcdatamodeld;
			sourceTree = "<group>";
			versionGroupType = wrapper.xcdatamodel;
		};
/* End XCVersionGroup section */
	};
	rootObject = 97030BF12844BF1F0085EE8F /* Project object */;
}
